// !$*UTF8*$!
{
	archiveVersion = 1;
	classes = {
	};
	objectVersion = 46;
	objects = {

/* Begin PBXAggregateTarget section */
		E2DF121C65877A31265ED964 /* SG323 - All */ = {
			isa = PBXAggregateTarget;
			buildConfigurationList = B2D69F96A55194E2E0D4B79B;
			buildPhases = (
			);
			dependencies = (
				B6ACD7F4CC2066D8C9AA7DAC,
				A9F1879EB093A0FCCD34B64A,
				33823119B9B9D59CA4092C94,
				90D3299DEC4698E521CF61BD,
			);
			name = "SG323 - All";
			productName = SG323;
		};
/* End PBXAggregateTarget section */

/* Begin PBXBuildFile section */
		1C2891857C496E8D28E4B31B /* CoreAudioKit.framework */ = {isa = PBXBuildFile; fileRef = F307680AC4113A3F58BE556B; };
		20FBD35E61A60B22E123536D /* include_juce_audio_plugin_client_Standalone.cpp */ = {isa = PBXBuildFile; fileRef = A110824FE6CC861D862F0442; };
		2203CD13D1D20CD9AAC393DE /* include_juce_audio_plugin_client_AU_1.mm */ = {isa = PBXBuildFile; fileRef = 4EC0A164D2028DA0180D580B; };
		229F181850AAB8E25486FFF5 /* CoreMIDI.framework */ = {isa = PBXBuildFile; fileRef = B8517B2B52704FEA0720518A; };
		25A562416207658608D4C4D8 /* include_juce_audio_processors_ara.cpp */ = {isa = PBXBuildFile; fileRef = B1A194E22D97D3A6157DC1C3; };
		26578B8A636E7A1F3216D185 /* Shared Code */ = {isa = PBXBuildFile; fileRef = 53E75585BFE71C8589A3BAB3; };
		3EDF2DB9426BFA4F1520C9A2 /* include_juce_core.mm */ = {isa = PBXBuildFile; fileRef = FB030DE721BC3547265AE1AB; };
		3F2D1B0921B39A3E05A7BA5C /* Cocoa.framework */ = {isa = PBXBuildFile; fileRef = 84DDBC885D4C009990A99776; };
		3FF32197B1F7F5AC348438D3 /* AU */ = {isa = PBXBuildFile; fileRef = 37E702A5B7B1825764344A64; };
		4917BA869C659210CA461DAD /* WebKit.framework */ = {isa = PBXBuildFile; fileRef = 55C5C62B36CBE53A5BDCE805; };
		4F65A4482980EDEB0CDB6917 /* include_juce_audio_plugin_client_AU_2.mm */ = {isa = PBXBuildFile; fileRef = 8396AF8FE0AE262D0842D549; };
		5201F7138D1C880509BBA2C9 /* VST3 */ = {isa = PBXBuildFile; fileRef = CB081B4D7AE24FDCCAC6DB49; };
		58BF0AFC986F2197427363E8 /* include_juce_audio_formats.mm */ = {isa = PBXBuildFile; fileRef = BD0EA03D6ABCAEE75065489D; };
		5981878F293D4F9FFA472CA8 /* include_juce_gui_basics.mm */ = {isa = PBXBuildFile; fileRef = 47A055117A86E5CDAA06BD9E; };
		5A39353F754E6516C99218EF /* include_juce_audio_plugin_client_AU.r */ = {isa = PBXBuildFile; fileRef = 6D85EF2F2BD368657CD18C0C; };
		6380AA73DCE7BD2D981C3E34 /* AudioToolbox.framework */ = {isa = PBXBuildFile; fileRef = 3EC6608D5018E4F88EB380CB; };
		736CA97F0EBF56639170104B /* Standalone Plugin */ = {isa = PBXBuildFile; fileRef = A7788E02EA0C1E2AD2E551ED; };
		74BE3D5BE689768F86579763 /* RecentFilesMenuTemplate.nib */ = {isa = PBXBuildFile; fileRef = 738F8D1AD891CD6CCEAFC603; };
		7DA42F1DEF870741D4C64CB9 /* include_juce_audio_plugin_client_ARA.cpp */ = {isa = PBXBuildFile; fileRef = DED7BD8C96CA132A56C4F523; };
		A1E2CF587E9DE59161716079 /* include_juce_data_structures.mm */ = {isa = PBXBuildFile; fileRef = 8F13FE7A522537284E6AACD3; };
		A797FD6816AD77541D74A2AF /* DiscRecording.framework */ = {isa = PBXBuildFile; fileRef = C33633B6D9464A9A7F5D728C; };
		B061E6FC796C58DF11DAD818 /* include_juce_audio_plugin_client_utils.cpp */ = {isa = PBXBuildFile; fileRef = D9DDE9055073A1BC47644A2A; };
		B3AB38397496212EA20859D3 /* include_juce_gui_extra.mm */ = {isa = PBXBuildFile; fileRef = 396F409385DBA0316E423419; };
		B45EDC4B15C489CECBDABB4E /* IOKit.framework */ = {isa = PBXBuildFile; fileRef = C643217EE2115538430C4260; };
		BC46B1A0189734C662AAB411 /* PluginEditor.cpp */ = {isa = PBXBuildFile; fileRef = 878986CC957CD03927081EA9; };
		C79F9D8E7CFB381452391081 /* include_juce_dsp.mm */ = {isa = PBXBuildFile; fileRef = C93159E34B1CE9A3DA72B373; };
		CA0D8CC9B8855749B4297606 /* CoreAudio.framework */ = {isa = PBXBuildFile; fileRef = 1568FF16CC46F305CEBACADB; };
		CB0867D97122D1679E5E9370 /* include_juce_audio_utils.mm */ = {isa = PBXBuildFile; fileRef = DFD26807303D31D16107D856; };
		CC60F95E4EF047693F62E775 /* include_juce_audio_basics.mm */ = {isa = PBXBuildFile; fileRef = B50EBAE80EBFA18618321A36; };
		CE250D0481D22DF828D43AAC /* QuartzCore.framework */ = {isa = PBXBuildFile; fileRef = 75A056428CFE80B51E80DCCF; };
		CE5EED9FE36D8E0D8E744A86 /* include_juce_audio_plugin_client_VST_utils.mm */ = {isa = PBXBuildFile; fileRef = BEBE9D66984DBE1A6F48C8DE; };
		D0370A824343F0AC889A181D /* include_juce_audio_processors.mm */ = {isa = PBXBuildFile; fileRef = B3F8D776D635BFBC754B1B23; };
		D5CD3BFBD74215952454C688 /* include_juce_events.mm */ = {isa = PBXBuildFile; fileRef = BBD937FEF25165F4DDF8843D; };
		DE57ADE96DF4C311E8B5A58F /* include_juce_audio_plugin_client_VST3.cpp */ = {isa = PBXBuildFile; fileRef = 624D97373C795281F7FE54CB; };
		DFD57F5CD5C9095C4EE33218 /* include_juce_graphics.mm */ = {isa = PBXBuildFile; fileRef = E38D2184C4AE942816628573; };
		E6EA9F8C2C8B38BF5794605F /* PluginProcessor.cpp */ = {isa = PBXBuildFile; fileRef = B4F069507B05B667CD6DEF89; };
		ED4CC62365CB1102F5EDDB0F /* AudioUnit.framework */ = {isa = PBXBuildFile; fileRef = 6EEFD6A70319B671147071FB; };
		F636CD41460F14ECA78DB65A /* include_juce_audio_processors_lv2_libs.cpp */ = {isa = PBXBuildFile; fileRef = C6AAD56A1624C0FC90532051; };
		F767ED6114DCDD2BC5F10BBA /* Foundation.framework */ = {isa = PBXBuildFile; fileRef = C316B2491DC2151B3DC4341D; };
		FACE4203370A10F2E697F0F3 /* Accelerate.framework */ = {isa = PBXBuildFile; fileRef = AEC1092F01AB1B523CE57D10; };
		FB587B16742FCD860FDEFB26 /* include_juce_audio_devices.mm */ = {isa = PBXBuildFile; fileRef = BB7F14B39E61C4ABF96FA611; };
/* End PBXBuildFile section */

/* Begin PBXFileReference section */
		08F5041E089D95352A31F5EB /* juce_events */ /* juce_events */ = {isa = PBXFileReference; lastKnownFileType = folder; name = juce_events; path = ../../JuceLibraryCode/modules/juce_events; sourceTree = SOURCE_ROOT; };
		0B1EC5D5B6658090DD659479 /* PluginProcessor.h */ /* PluginProcessor.h */ = {isa = PBXFileReference; lastKnownFileType = sourcecode.c.h; name = PluginProcessor.h; path = ../../Source/PluginProcessor.h; sourceTree = SOURCE_ROOT; };
		1568FF16CC46F305CEBACADB /* CoreAudio.framework */ /* CoreAudio.framework */ = {isa = PBXFileReference; lastKnownFileType = wrapper.framework; name = CoreAudio.framework; path = System/Library/Frameworks/CoreAudio.framework; sourceTree = SDKROOT; };
		34036A5F4194E4BF10C2CFB1 /* Info-Standalone_Plugin.plist */ /* Info-Standalone_Plugin.plist */ = {isa = PBXFileReference; lastKnownFileType = text.plist.xml; name = "Info-Standalone_Plugin.plist"; path = "Info-Standalone_Plugin.plist"; sourceTree = SOURCE_ROOT; };
		37E702A5B7B1825764344A64 /* AU */ = {isa = PBXFileReference; explicitFileType = wrapper.cfbundle; includeInIndex = 0; path = SG323.component; sourceTree = BUILT_PRODUCTS_DIR; };
		396C523A7C8D39CB44ACFBE2 /* JucePluginDefines.h */ /* JucePluginDefines.h */ = {isa = PBXFileReference; lastKnownFileType = sourcecode.c.h; name = JucePluginDefines.h; path = ../../JuceLibraryCode/JucePluginDefines.h; sourceTree = SOURCE_ROOT; };
		396F409385DBA0316E423419 /* include_juce_gui_extra.mm */ /* include_juce_gui_extra.mm */ = {isa = PBXFileReference; lastKnownFileType = sourcecode.cpp.objcpp; name = include_juce_gui_extra.mm; path = ../../JuceLibraryCode/include_juce_gui_extra.mm; sourceTree = SOURCE_ROOT; };
		3EC6608D5018E4F88EB380CB /* AudioToolbox.framework */ /* AudioToolbox.framework */ = {isa = PBXFileReference; lastKnownFileType = wrapper.framework; name = AudioToolbox.framework; path = System/Library/Frameworks/AudioToolbox.framework; sourceTree = SDKROOT; };
		4062B4376C4404D86B96E482 /* JuceHeader.h */ /* JuceHeader.h */ = {isa = PBXFileReference; lastKnownFileType = sourcecode.c.h; name = JuceHeader.h; path = ../../JuceLibraryCode/JuceHeader.h; sourceTree = SOURCE_ROOT; };
		47A055117A86E5CDAA06BD9E /* include_juce_gui_basics.mm */ /* include_juce_gui_basics.mm */ = {isa = PBXFileReference; lastKnownFileType = sourcecode.cpp.objcpp; name = include_juce_gui_basics.mm; path = ../../JuceLibraryCode/include_juce_gui_basics.mm; sourceTree = SOURCE_ROOT; };
		48E84DD352A319FE9968637C /* PluginEditor.h */ /* PluginEditor.h */ = {isa = PBXFileReference; lastKnownFileType = sourcecode.c.h; name = PluginEditor.h; path = ../../Source/PluginEditor.h; sourceTree = SOURCE_ROOT; };
		4EC0A164D2028DA0180D580B /* include_juce_audio_plugin_client_AU_1.mm */ /* include_juce_audio_plugin_client_AU_1.mm */ = {isa = PBXFileReference; lastKnownFileType = sourcecode.cpp.objcpp; name = include_juce_audio_plugin_client_AU_1.mm; path = ../../JuceLibraryCode/include_juce_audio_plugin_client_AU_1.mm; sourceTree = SOURCE_ROOT; };
		53E75585BFE71C8589A3BAB3 /* Shared Code */ = {isa = PBXFileReference; explicitFileType = archive.ar; includeInIndex = 0; path = libSG323.a; sourceTree = BUILT_PRODUCTS_DIR; };
		55C5C62B36CBE53A5BDCE805 /* WebKit.framework */ /* WebKit.framework */ = {isa = PBXFileReference; lastKnownFileType = wrapper.framework; name = WebKit.framework; path = System/Library/Frameworks/WebKit.framework; sourceTree = SDKROOT; };
		5F98F1FDED6240928815B0B5 /* juce_core */ /* juce_core */ = {isa = PBXFileReference; lastKnownFileType = folder; name = juce_core; path = ../../JuceLibraryCode/modules/juce_core; sourceTree = SOURCE_ROOT; };
		624D97373C795281F7FE54CB /* include_juce_audio_plugin_client_VST3.cpp */ /* include_juce_audio_plugin_client_VST3.cpp */ = {isa = PBXFileReference; lastKnownFileType = sourcecode.cpp.cpp; name = include_juce_audio_plugin_client_VST3.cpp; path = ../../JuceLibraryCode/include_juce_audio_plugin_client_VST3.cpp; sourceTree = SOURCE_ROOT; };
		6D85EF2F2BD368657CD18C0C /* include_juce_audio_plugin_client_AU.r */ /* include_juce_audio_plugin_client_AU.r */ = {isa = PBXFileReference; lastKnownFileType = file.r; name = include_juce_audio_plugin_client_AU.r; path = ../../JuceLibraryCode/include_juce_audio_plugin_client_AU.r; sourceTree = SOURCE_ROOT; };
		6E7907C93374BA208A270DDB /* juce_audio_devices */ /* juce_audio_devices */ = {isa = PBXFileReference; lastKnownFileType = folder; name = juce_audio_devices; path = ../../JuceLibraryCode/modules/juce_audio_devices; sourceTree = SOURCE_ROOT; };
		6EEFD6A70319B671147071FB /* AudioUnit.framework */ /* AudioUnit.framework */ = {isa = PBXFileReference; lastKnownFileType = wrapper.framework; name = AudioUnit.framework; path = System/Library/Frameworks/AudioUnit.framework; sourceTree = SDKROOT; };
		738F8D1AD891CD6CCEAFC603 /* RecentFilesMenuTemplate.nib */ /* RecentFilesMenuTemplate.nib */ = {isa = PBXFileReference; lastKnownFileType = file.nib; name = RecentFilesMenuTemplate.nib; path = RecentFilesMenuTemplate.nib; sourceTree = SOURCE_ROOT; };
		75A056428CFE80B51E80DCCF /* QuartzCore.framework */ /* QuartzCore.framework */ = {isa = PBXFileReference; lastKnownFileType = wrapper.framework; name = QuartzCore.framework; path = System/Library/Frameworks/QuartzCore.framework; sourceTree = SDKROOT; };
		7862A54A787CEAE27372E16D /* juce_gui_basics */ /* juce_gui_basics */ = {isa = PBXFileReference; lastKnownFileType = folder; name = juce_gui_basics; path = ../../JuceLibraryCode/modules/juce_gui_basics; sourceTree = SOURCE_ROOT; };
		8396AF8FE0AE262D0842D549 /* include_juce_audio_plugin_client_AU_2.mm */ /* include_juce_audio_plugin_client_AU_2.mm */ = {isa = PBXFileReference; lastKnownFileType = sourcecode.cpp.objcpp; name = include_juce_audio_plugin_client_AU_2.mm; path = ../../JuceLibraryCode/include_juce_audio_plugin_client_AU_2.mm; sourceTree = SOURCE_ROOT; };
		84DDBC885D4C009990A99776 /* Cocoa.framework */ /* Cocoa.framework */ = {isa = PBXFileReference; lastKnownFileType = wrapper.framework; name = Cocoa.framework; path = System/Library/Frameworks/Cocoa.framework; sourceTree = SDKROOT; };
		878986CC957CD03927081EA9 /* PluginEditor.cpp */ /* PluginEditor.cpp */ = {isa = PBXFileReference; lastKnownFileType = sourcecode.cpp.cpp; name = PluginEditor.cpp; path = ../../Source/PluginEditor.cpp; sourceTree = SOURCE_ROOT; };
		8F13FE7A522537284E6AACD3 /* include_juce_data_structures.mm */ /* include_juce_data_structures.mm */ = {isa = PBXFileReference; lastKnownFileType = sourcecode.cpp.objcpp; name = include_juce_data_structures.mm; path = ../../JuceLibraryCode/include_juce_data_structures.mm; sourceTree = SOURCE_ROOT; };
		96D82B0A34AC208B6581B3FE /* Info-AU.plist */ /* Info-AU.plist */ = {isa = PBXFileReference; lastKnownFileType = text.plist.xml; name = "Info-AU.plist"; path = "Info-AU.plist"; sourceTree = SOURCE_ROOT; };
		A110824FE6CC861D862F0442 /* include_juce_audio_plugin_client_Standalone.cpp */ /* include_juce_audio_plugin_client_Standalone.cpp */ = {isa = PBXFileReference; lastKnownFileType = sourcecode.cpp.cpp; name = include_juce_audio_plugin_client_Standalone.cpp; path = ../../JuceLibraryCode/include_juce_audio_plugin_client_Standalone.cpp; sourceTree = SOURCE_ROOT; };
		A7788E02EA0C1E2AD2E551ED /* Standalone Plugin */ = {isa = PBXFileReference; explicitFileType = wrapper.application; includeInIndex = 0; path = SG323.app; sourceTree = BUILT_PRODUCTS_DIR; };
		ABDF60C60E6CAD2FED002AF1 /* juce_audio_basics */ /* juce_audio_basics */ = {isa = PBXFileReference; lastKnownFileType = folder; name = juce_audio_basics; path = ../../JuceLibraryCode/modules/juce_audio_basics; sourceTree = SOURCE_ROOT; };
		AEC1092F01AB1B523CE57D10 /* Accelerate.framework */ /* Accelerate.framework */ = {isa = PBXFileReference; lastKnownFileType = wrapper.framework; name = Accelerate.framework; path = System/Library/Frameworks/Accelerate.framework; sourceTree = SDKROOT; };
		B1A194E22D97D3A6157DC1C3 /* include_juce_audio_processors_ara.cpp */ /* include_juce_audio_processors_ara.cpp */ = {isa = PBXFileReference; lastKnownFileType = sourcecode.cpp.cpp; name = include_juce_audio_processors_ara.cpp; path = ../../JuceLibraryCode/include_juce_audio_processors_ara.cpp; sourceTree = SOURCE_ROOT; };
		B34B831CF34FD33AFC4519E7 /* juce_audio_processors */ /* juce_audio_processors */ = {isa = PBXFileReference; lastKnownFileType = folder; name = juce_audio_processors; path = ../../JuceLibraryCode/modules/juce_audio_processors; sourceTree = SOURCE_ROOT; };
		B3F8D776D635BFBC754B1B23 /* include_juce_audio_processors.mm */ /* include_juce_audio_processors.mm */ = {isa = PBXFileReference; lastKnownFileType = sourcecode.cpp.objcpp; name = include_juce_audio_processors.mm; path = ../../JuceLibraryCode/include_juce_audio_processors.mm; sourceTree = SOURCE_ROOT; };
		B4F069507B05B667CD6DEF89 /* PluginProcessor.cpp */ /* PluginProcessor.cpp */ = {isa = PBXFileReference; lastKnownFileType = sourcecode.cpp.cpp; name = PluginProcessor.cpp; path = ../../Source/PluginProcessor.cpp; sourceTree = SOURCE_ROOT; };
		B50EBAE80EBFA18618321A36 /* include_juce_audio_basics.mm */ /* include_juce_audio_basics.mm */ = {isa = PBXFileReference; lastKnownFileType = sourcecode.cpp.objcpp; name = include_juce_audio_basics.mm; path = ../../JuceLibraryCode/include_juce_audio_basics.mm; sourceTree = SOURCE_ROOT; };
		B8517B2B52704FEA0720518A /* CoreMIDI.framework */ /* CoreMIDI.framework */ = {isa = PBXFileReference; lastKnownFileType = wrapper.framework; name = CoreMIDI.framework; path = System/Library/Frameworks/CoreMIDI.framework; sourceTree = SDKROOT; };
		BB7F14B39E61C4ABF96FA611 /* include_juce_audio_devices.mm */ /* include_juce_audio_devices.mm */ = {isa = PBXFileReference; lastKnownFileType = sourcecode.cpp.objcpp; name = include_juce_audio_devices.mm; path = ../../JuceLibraryCode/include_juce_audio_devices.mm; sourceTree = SOURCE_ROOT; };
		BBD937FEF25165F4DDF8843D /* include_juce_events.mm */ /* include_juce_events.mm */ = {isa = PBXFileReference; lastKnownFileType = sourcecode.cpp.objcpp; name = include_juce_events.mm; path = ../../JuceLibraryCode/include_juce_events.mm; sourceTree = SOURCE_ROOT; };
		BC0AF7479D7909707030E74A /* juce_graphics */ /* juce_graphics */ = {isa = PBXFileReference; lastKnownFileType = folder; name = juce_graphics; path = ../../JuceLibraryCode/modules/juce_graphics; sourceTree = SOURCE_ROOT; };
		BD0EA03D6ABCAEE75065489D /* include_juce_audio_formats.mm */ /* include_juce_audio_formats.mm */ = {isa = PBXFileReference; lastKnownFileType = sourcecode.cpp.objcpp; name = include_juce_audio_formats.mm; path = ../../JuceLibraryCode/include_juce_audio_formats.mm; sourceTree = SOURCE_ROOT; };
		BEBE9D66984DBE1A6F48C8DE /* include_juce_audio_plugin_client_VST_utils.mm */ /* include_juce_audio_plugin_client_VST_utils.mm */ = {isa = PBXFileReference; lastKnownFileType = sourcecode.cpp.objcpp; name = include_juce_audio_plugin_client_VST_utils.mm; path = ../../JuceLibraryCode/include_juce_audio_plugin_client_VST_utils.mm; sourceTree = SOURCE_ROOT; };
		C316B2491DC2151B3DC4341D /* Foundation.framework */ /* Foundation.framework */ = {isa = PBXFileReference; lastKnownFileType = wrapper.framework; name = Foundation.framework; path = System/Library/Frameworks/Foundation.framework; sourceTree = SDKROOT; };
		C33633B6D9464A9A7F5D728C /* DiscRecording.framework */ /* DiscRecording.framework */ = {isa = PBXFileReference; lastKnownFileType = wrapper.framework; name = DiscRecording.framework; path = System/Library/Frameworks/DiscRecording.framework; sourceTree = SDKROOT; };
		C3C32C53511A0F2C209FBC2C /* juce_audio_utils */ /* juce_audio_utils */ = {isa = PBXFileReference; lastKnownFileType = folder; name = juce_audio_utils; path = ../../JuceLibraryCode/modules/juce_audio_utils; sourceTree = SOURCE_ROOT; };
		C643217EE2115538430C4260 /* IOKit.framework */ /* IOKit.framework */ = {isa = PBXFileReference; lastKnownFileType = wrapper.framework; name = IOKit.framework; path = System/Library/Frameworks/IOKit.framework; sourceTree = SDKROOT; };
		C6AAD56A1624C0FC90532051 /* include_juce_audio_processors_lv2_libs.cpp */ /* include_juce_audio_processors_lv2_libs.cpp */ = {isa = PBXFileReference; lastKnownFileType = sourcecode.cpp.cpp; name = include_juce_audio_processors_lv2_libs.cpp; path = ../../JuceLibraryCode/include_juce_audio_processors_lv2_libs.cpp; sourceTree = SOURCE_ROOT; };
		C7DADB19CDD597C377E38A9E /* juce_data_structures */ /* juce_data_structures */ = {isa = PBXFileReference; lastKnownFileType = folder; name = juce_data_structures; path = ../../JuceLibraryCode/modules/juce_data_structures; sourceTree = SOURCE_ROOT; };
		C93159E34B1CE9A3DA72B373 /* include_juce_dsp.mm */ /* include_juce_dsp.mm */ = {isa = PBXFileReference; lastKnownFileType = sourcecode.cpp.objcpp; name = include_juce_dsp.mm; path = ../../JuceLibraryCode/include_juce_dsp.mm; sourceTree = SOURCE_ROOT; };
		CB081B4D7AE24FDCCAC6DB49 /* VST3 */ = {isa = PBXFileReference; explicitFileType = wrapper.cfbundle; includeInIndex = 0; path = SG323.vst3; sourceTree = BUILT_PRODUCTS_DIR; };
		D5B78A9407749C911B4734E9 /* juce_gui_extra */ /* juce_gui_extra */ = {isa = PBXFileReference; lastKnownFileType = folder; name = juce_gui_extra; path = ../../JuceLibraryCode/modules/juce_gui_extra; sourceTree = SOURCE_ROOT; };
		D95FD49DFA871C8D4FD5B996 /* juce_audio_plugin_client */ /* juce_audio_plugin_client */ = {isa = PBXFileReference; lastKnownFileType = folder; name = juce_audio_plugin_client; path = ../../JuceLibraryCode/modules/juce_audio_plugin_client; sourceTree = SOURCE_ROOT; };
		D9DDE9055073A1BC47644A2A /* include_juce_audio_plugin_client_utils.cpp */ /* include_juce_audio_plugin_client_utils.cpp */ = {isa = PBXFileReference; lastKnownFileType = sourcecode.cpp.cpp; name = include_juce_audio_plugin_client_utils.cpp; path = ../../JuceLibraryCode/include_juce_audio_plugin_client_utils.cpp; sourceTree = SOURCE_ROOT; };
		DED7BD8C96CA132A56C4F523 /* include_juce_audio_plugin_client_ARA.cpp */ /* include_juce_audio_plugin_client_ARA.cpp */ = {isa = PBXFileReference; lastKnownFileType = sourcecode.cpp.cpp; name = include_juce_audio_plugin_client_ARA.cpp; path = ../../JuceLibraryCode/include_juce_audio_plugin_client_ARA.cpp; sourceTree = SOURCE_ROOT; };
		DFD26807303D31D16107D856 /* include_juce_audio_utils.mm */ /* include_juce_audio_utils.mm */ = {isa = PBXFileReference; lastKnownFileType = sourcecode.cpp.objcpp; name = include_juce_audio_utils.mm; path = ../../JuceLibraryCode/include_juce_audio_utils.mm; sourceTree = SOURCE_ROOT; };
		E38D2184C4AE942816628573 /* include_juce_graphics.mm */ /* include_juce_graphics.mm */ = {isa = PBXFileReference; lastKnownFileType = sourcecode.cpp.objcpp; name = include_juce_graphics.mm; path = ../../JuceLibraryCode/include_juce_graphics.mm; sourceTree = SOURCE_ROOT; };
		E77FCC814B649CA5E67D59F8 /* juce_audio_formats */ /* juce_audio_formats */ = {isa = PBXFileReference; lastKnownFileType = folder; name = juce_audio_formats; path = ../../JuceLibraryCode/modules/juce_audio_formats; sourceTree = SOURCE_ROOT; };
		EB6F8CCF17BE494545330CEC /* juce_dsp */ /* juce_dsp */ = {isa = PBXFileReference; lastKnownFileType = folder; name = juce_dsp; path = ../../JuceLibraryCode/modules/juce_dsp; sourceTree = SOURCE_ROOT; };
		F307680AC4113A3F58BE556B /* CoreAudioKit.framework */ /* CoreAudioKit.framework */ = {isa = PBXFileReference; lastKnownFileType = wrapper.framework; name = CoreAudioKit.framework; path = System/Library/Frameworks/CoreAudioKit.framework; sourceTree = SDKROOT; };
		F3DF5EF1A47847FF9886971C /* Info-VST3.plist */ /* Info-VST3.plist */ = {isa = PBXFileReference; lastKnownFileType = text.plist.xml; name = "Info-VST3.plist"; path = "Info-VST3.plist"; sourceTree = SOURCE_ROOT; };
		FB030DE721BC3547265AE1AB /* include_juce_core.mm */ /* include_juce_core.mm */ = {isa = PBXFileReference; lastKnownFileType = sourcecode.cpp.objcpp; name = include_juce_core.mm; path = ../../JuceLibraryCode/include_juce_core.mm; sourceTree = SOURCE_ROOT; };
/* End PBXFileReference section */

/* Begin PBXFrameworksBuildPhase section */
		65A05551F1C32988A3F10091 = {
			isa = PBXFrameworksBuildPhase;
			buildActionMask = 2147483647;
			files = (
				FACE4203370A10F2E697F0F3,
				6380AA73DCE7BD2D981C3E34,
				3F2D1B0921B39A3E05A7BA5C,
				CA0D8CC9B8855749B4297606,
				1C2891857C496E8D28E4B31B,
				229F181850AAB8E25486FFF5,
				A797FD6816AD77541D74A2AF,
				F767ED6114DCDD2BC5F10BBA,
				B45EDC4B15C489CECBDABB4E,
				CE250D0481D22DF828D43AAC,
				4917BA869C659210CA461DAD,
			);
			runOnlyForDeploymentPostprocessing = 0;
		};
		6EA32F124EEB7F56D6379299 = {
			isa = PBXFrameworksBuildPhase;
			buildActionMask = 2147483647;
			files = (
				ED4CC62365CB1102F5EDDB0F,
				FACE4203370A10F2E697F0F3,
				6380AA73DCE7BD2D981C3E34,
				3F2D1B0921B39A3E05A7BA5C,
				CA0D8CC9B8855749B4297606,
				1C2891857C496E8D28E4B31B,
				229F181850AAB8E25486FFF5,
				A797FD6816AD77541D74A2AF,
				F767ED6114DCDD2BC5F10BBA,
				B45EDC4B15C489CECBDABB4E,
				CE250D0481D22DF828D43AAC,
				4917BA869C659210CA461DAD,
			);
			runOnlyForDeploymentPostprocessing = 0;
		};
		95444D450285987334B0636A = {
			isa = PBXFrameworksBuildPhase;
			buildActionMask = 2147483647;
			files = (
				FACE4203370A10F2E697F0F3,
				6380AA73DCE7BD2D981C3E34,
				3F2D1B0921B39A3E05A7BA5C,
				CA0D8CC9B8855749B4297606,
				1C2891857C496E8D28E4B31B,
				229F181850AAB8E25486FFF5,
				A797FD6816AD77541D74A2AF,
				F767ED6114DCDD2BC5F10BBA,
				B45EDC4B15C489CECBDABB4E,
				CE250D0481D22DF828D43AAC,
				4917BA869C659210CA461DAD,
			);
			runOnlyForDeploymentPostprocessing = 0;
		};
/* End PBXFrameworksBuildPhase section */

/* Begin PBXGroup section */
		06A542168483E88884DE7210 /* Resources */ = {
			isa = PBXGroup;
			children = (
				F3DF5EF1A47847FF9886971C,
				96D82B0A34AC208B6581B3FE,
				34036A5F4194E4BF10C2CFB1,
				738F8D1AD891CD6CCEAFC603,
			);
			name = Resources;
			sourceTree = "<group>";
		};
		373D49C23E09330D1A55E039 /* SG323 */ = {
			isa = PBXGroup;
			children = (
				649ECA6ECF6188E4F8013D4F,
			);
			name = SG323;
			sourceTree = "<group>";
		};
		385789993CBC5C85FBD89AA9 /* JUCE Modules */ = {
			isa = PBXGroup;
			children = (
				ABDF60C60E6CAD2FED002AF1,
				6E7907C93374BA208A270DDB,
				E77FCC814B649CA5E67D59F8,
				D95FD49DFA871C8D4FD5B996,
				B34B831CF34FD33AFC4519E7,
				C3C32C53511A0F2C209FBC2C,
				5F98F1FDED6240928815B0B5,
				C7DADB19CDD597C377E38A9E,
				EB6F8CCF17BE494545330CEC,
				08F5041E089D95352A31F5EB,
				BC0AF7479D7909707030E74A,
				7862A54A787CEAE27372E16D,
				D5B78A9407749C911B4734E9,
			);
			name = "JUCE Modules";
			sourceTree = "<group>";
		};
		4C3ED26DF7B6045E35F039E0 /* Products */ = {
			isa = PBXGroup;
			children = (
				CB081B4D7AE24FDCCAC6DB49,
				37E702A5B7B1825764344A64,
				A7788E02EA0C1E2AD2E551ED,
				53E75585BFE71C8589A3BAB3,
			);
			name = Products;
			sourceTree = "<group>";
		};
		649ECA6ECF6188E4F8013D4F /* Source */ = {
			isa = PBXGroup;
			children = (
				B4F069507B05B667CD6DEF89,
				0B1EC5D5B6658090DD659479,
				878986CC957CD03927081EA9,
				48E84DD352A319FE9968637C,
			);
			name = Source;
			sourceTree = "<group>";
		};
		7B7342160154246DD8223277 /* Source */ = {
			isa = PBXGroup;
			children = (
				373D49C23E09330D1A55E039,
				385789993CBC5C85FBD89AA9,
				7FF7CDC8601CAFDB1D652242,
				06A542168483E88884DE7210,
				C1A73AA03EDFED2D22B77EC5,
				4C3ED26DF7B6045E35F039E0,
			);
			name = Source;
			sourceTree = "<group>";
		};
		7FF7CDC8601CAFDB1D652242 /* JUCE Library Code */ = {
			isa = PBXGroup;
			children = (
				B50EBAE80EBFA18618321A36,
				BB7F14B39E61C4ABF96FA611,
				BD0EA03D6ABCAEE75065489D,
				DED7BD8C96CA132A56C4F523,
				6D85EF2F2BD368657CD18C0C,
				4EC0A164D2028DA0180D580B,
				8396AF8FE0AE262D0842D549,
				A110824FE6CC861D862F0442,
				D9DDE9055073A1BC47644A2A,
				BEBE9D66984DBE1A6F48C8DE,
				624D97373C795281F7FE54CB,
				B3F8D776D635BFBC754B1B23,
				B1A194E22D97D3A6157DC1C3,
				C6AAD56A1624C0FC90532051,
				DFD26807303D31D16107D856,
				FB030DE721BC3547265AE1AB,
				8F13FE7A522537284E6AACD3,
				C93159E34B1CE9A3DA72B373,
				BBD937FEF25165F4DDF8843D,
				E38D2184C4AE942816628573,
				47A055117A86E5CDAA06BD9E,
				396F409385DBA0316E423419,
				4062B4376C4404D86B96E482,
				396C523A7C8D39CB44ACFBE2,
			);
			name = "JUCE Library Code";
			sourceTree = "<group>";
		};
		C1A73AA03EDFED2D22B77EC5 /* Frameworks */ = {
			isa = PBXGroup;
			children = (
				6EEFD6A70319B671147071FB,
				AEC1092F01AB1B523CE57D10,
				3EC6608D5018E4F88EB380CB,
				84DDBC885D4C009990A99776,
				1568FF16CC46F305CEBACADB,
				F307680AC4113A3F58BE556B,
				B8517B2B52704FEA0720518A,
				C33633B6D9464A9A7F5D728C,
				C316B2491DC2151B3DC4341D,
				C643217EE2115538430C4260,
				75A056428CFE80B51E80DCCF,
				55C5C62B36CBE53A5BDCE805,
			);
			name = Frameworks;
			sourceTree = "<group>";
		};
/* End PBXGroup section */

/* Begin PBXNativeTarget section */
		1465F41D986CF47421196537 /* SG323 - VST3 */ = {
			isa = PBXNativeTarget;
			buildConfigurationList = AEA0E46C6175CFF93DDA06E3;
			buildPhases = (
				360CF7C414DA05DD02C7930C,
				32AE0EC79E0814C6AAD5E095,
				95444D450285987334B0636A,
			);
			buildRules = (
			);
			dependencies = (
				43DCE0AF7C2F27FEEFC563CC,
			);
			name = "SG323 - VST3";
			productName = SG323;
			productReference = CB081B4D7AE24FDCCAC6DB49;
			productType = "com.apple.product-type.bundle";
		};
		2AA13A459C036A1484E19DB4 /* SG323 - AU */ = {
			isa = PBXNativeTarget;
			buildConfigurationList = B520BFB0A1388175135AF54A;
			buildPhases = (
				667F073A5E144B2554E519A8,
				8AE5D7C047F9C8F0B171E72B,
				04A0A8BEEBC12626ACAE26B0,
				6EA32F124EEB7F56D6379299,
			);
			buildRules = (
			);
			dependencies = (
				084AD53B8E48A90231754D34,
			);
			name = "SG323 - AU";
			productName = SG323;
			productReference = 37E702A5B7B1825764344A64;
			productType = "com.apple.product-type.bundle";
		};
		44C26D5C1D2F43298321B339 /* SG323 - Shared Code */ = {
			isa = PBXNativeTarget;
			buildConfigurationList = 497C9308C307A436F9C8746A;
			buildPhases = (
				11E07CEA3E99C7F98ACDF174,
			);
			buildRules = (
			);
			dependencies = (
			);
			name = "SG323 - Shared Code";
			productName = SG323;
			productReference = 53E75585BFE71C8589A3BAB3;
			productType = "com.apple.product-type.library.static";
		};
		7C6C9BA4A19D00F42A965085 /* SG323 - Standalone Plugin */ = {
			isa = PBXNativeTarget;
			buildConfigurationList = C3410A5D41614A9885AEDBA3;
			buildPhases = (
				2E49771ADE7C10E6E96C385F,
				A058F1F264E81666131E4ED1,
				65A05551F1C32988A3F10091,
			);
			buildRules = (
			);
			dependencies = (
				E653D430FFA30DB37268B44F,
			);
			name = "SG323 - Standalone Plugin";
			productName = SG323;
			productReference = A7788E02EA0C1E2AD2E551ED;
			productType = "com.apple.product-type.application";
		};
/* End PBXNativeTarget section */

/* Begin PBXProject section */
		A0A725B2F21A63E93C47B6E8 = {
			isa = PBXProject;
			attributes = {
				LastUpgradeCheck = 1340;
				ORGANIZATIONNAME = "GreyBoxAudio";
				TargetAttributes = {
					1465F41D986CF47421196537 = {
						SystemCapabilities = {
							com.apple.ApplicationGroups.iOS = {
								enabled = 0;
							};
							com.apple.HardenedRuntime = {
								enabled = 0;
							};
							com.apple.InAppPurchase = {
								enabled = 0;
							};
							com.apple.InterAppAudio = {
								enabled = 0;
							};
							com.apple.Push = {
								enabled = 0;
							};
							com.apple.Sandbox = {
								enabled = 0;
							};
						};
					};
					2AA13A459C036A1484E19DB4 = {
						SystemCapabilities = {
							com.apple.ApplicationGroups.iOS = {
								enabled = 0;
							};
							com.apple.HardenedRuntime = {
								enabled = 0;
							};
							com.apple.InAppPurchase = {
								enabled = 0;
							};
							com.apple.InterAppAudio = {
								enabled = 0;
							};
							com.apple.Push = {
								enabled = 0;
							};
							com.apple.Sandbox = {
								enabled = 0;
							};
						};
					};
					44C26D5C1D2F43298321B339 = {
						SystemCapabilities = {
							com.apple.ApplicationGroups.iOS = {
								enabled = 0;
							};
							com.apple.HardenedRuntime = {
								enabled = 0;
							};
							com.apple.InAppPurchase = {
								enabled = 0;
							};
							com.apple.InterAppAudio = {
								enabled = 0;
							};
							com.apple.Push = {
								enabled = 0;
							};
							com.apple.Sandbox = {
								enabled = 0;
							};
						};
					};
					7C6C9BA4A19D00F42A965085 = {
						SystemCapabilities = {
							com.apple.ApplicationGroups.iOS = {
								enabled = 0;
							};
							com.apple.HardenedRuntime = {
								enabled = 0;
							};
							com.apple.InAppPurchase = {
								enabled = 0;
							};
							com.apple.InterAppAudio = {
								enabled = 0;
							};
							com.apple.Push = {
								enabled = 0;
							};
							com.apple.Sandbox = {
								enabled = 0;
							};
						};
					};
					E2DF121C65877A31265ED964 = {
						SystemCapabilities = {
							com.apple.ApplicationGroups.iOS = {
								enabled = 0;
							};
							com.apple.HardenedRuntime = {
								enabled = 0;
							};
							com.apple.InAppPurchase = {
								enabled = 0;
							};
							com.apple.InterAppAudio = {
								enabled = 0;
							};
							com.apple.Push = {
								enabled = 0;
							};
							com.apple.Sandbox = {
								enabled = 0;
							};
						};
					};
				};
			};
			buildConfigurationList = FA70936FE17C6E3FC832B41F;
			compatibilityVersion = "Xcode 3.2";
			hasScannedForEncodings = 0;
			knownRegions = (
				en,
				Base,
			);
			mainGroup = 7B7342160154246DD8223277;
			projectDirPath = "";
			projectRoot = "";
			targets = (
				E2DF121C65877A31265ED964,
				1465F41D986CF47421196537,
				2AA13A459C036A1484E19DB4,
				7C6C9BA4A19D00F42A965085,
				44C26D5C1D2F43298321B339,
			);
		};
/* End PBXProject section */

/* Begin PBXResourcesBuildPhase section */
		2E49771ADE7C10E6E96C385F = {
			isa = PBXResourcesBuildPhase;
			buildActionMask = 2147483647;
			files = (
				74BE3D5BE689768F86579763,
			);
			runOnlyForDeploymentPostprocessing = 0;
		};
		360CF7C414DA05DD02C7930C = {
			isa = PBXResourcesBuildPhase;
			buildActionMask = 2147483647;
			files = (
				74BE3D5BE689768F86579763,
			);
			runOnlyForDeploymentPostprocessing = 0;
		};
		667F073A5E144B2554E519A8 = {
			isa = PBXResourcesBuildPhase;
			buildActionMask = 2147483647;
			files = (
				74BE3D5BE689768F86579763,
			);
			runOnlyForDeploymentPostprocessing = 0;
		};
/* End PBXResourcesBuildPhase section */

/* Begin PBXRezBuildPhase section */
		8AE5D7C047F9C8F0B171E72B = {
			isa = PBXRezBuildPhase;
			buildActionMask = 2147483647;
			files = (
				5A39353F754E6516C99218EF,
			);
			runOnlyForDeploymentPostprocessing = 0;
		};
/* End PBXRezBuildPhase section */

/* Begin PBXSourcesBuildPhase section */
		04A0A8BEEBC12626ACAE26B0 = {
			isa = PBXSourcesBuildPhase;
			buildActionMask = 2147483647;
			files = (
				2203CD13D1D20CD9AAC393DE,
				4F65A4482980EDEB0CDB6917,
			);
			runOnlyForDeploymentPostprocessing = 0;
		};
		11E07CEA3E99C7F98ACDF174 = {
			isa = PBXSourcesBuildPhase;
			buildActionMask = 2147483647;
			files = (
				E6EA9F8C2C8B38BF5794605F,
				BC46B1A0189734C662AAB411,
				CC60F95E4EF047693F62E775,
				FB587B16742FCD860FDEFB26,
				58BF0AFC986F2197427363E8,
				7DA42F1DEF870741D4C64CB9,
				B061E6FC796C58DF11DAD818,
				CE5EED9FE36D8E0D8E744A86,
				D0370A824343F0AC889A181D,
				25A562416207658608D4C4D8,
				F636CD41460F14ECA78DB65A,
				CB0867D97122D1679E5E9370,
				3EDF2DB9426BFA4F1520C9A2,
				A1E2CF587E9DE59161716079,
				C79F9D8E7CFB381452391081,
				D5CD3BFBD74215952454C688,
				DFD57F5CD5C9095C4EE33218,
				5981878F293D4F9FFA472CA8,
				B3AB38397496212EA20859D3,
			);
			runOnlyForDeploymentPostprocessing = 0;
		};
		32AE0EC79E0814C6AAD5E095 = {
			isa = PBXSourcesBuildPhase;
			buildActionMask = 2147483647;
			files = (
				DE57ADE96DF4C311E8B5A58F,
			);
			runOnlyForDeploymentPostprocessing = 0;
		};
		A058F1F264E81666131E4ED1 = {
			isa = PBXSourcesBuildPhase;
			buildActionMask = 2147483647;
			files = (
				20FBD35E61A60B22E123536D,
			);
			runOnlyForDeploymentPostprocessing = 0;
		};
/* End PBXSourcesBuildPhase section */

/* Begin PBXTargetDependency section */
		084AD53B8E48A90231754D34 = {
			isa = PBXTargetDependency;
			target = 44C26D5C1D2F43298321B339;
		};
		33823119B9B9D59CA4092C94 = {
			isa = PBXTargetDependency;
			target = 7C6C9BA4A19D00F42A965085;
		};
		43DCE0AF7C2F27FEEFC563CC = {
			isa = PBXTargetDependency;
			target = 44C26D5C1D2F43298321B339;
		};
		90D3299DEC4698E521CF61BD = {
			isa = PBXTargetDependency;
			target = 44C26D5C1D2F43298321B339;
		};
		A9F1879EB093A0FCCD34B64A = {
			isa = PBXTargetDependency;
			target = 2AA13A459C036A1484E19DB4;
		};
		B6ACD7F4CC2066D8C9AA7DAC = {
			isa = PBXTargetDependency;
			target = 1465F41D986CF47421196537;
		};
		E653D430FFA30DB37268B44F = {
			isa = PBXTargetDependency;
			target = 44C26D5C1D2F43298321B339;
		};
/* End PBXTargetDependency section */

/* Begin XCBuildConfiguration section */
		2DF24BBCBA9971ADF9D7E9EF /* Debug */ = {
			isa = XCBuildConfiguration;
			buildSettings = {
				CLANG_CXX_LANGUAGE_STANDARD = "c++14";
				CLANG_CXX_LIBRARY = "libc++";
				CLANG_LINK_OBJC_RUNTIME = NO;
				CODE_SIGN_IDENTITY = "";
				COMBINE_HIDPI_IMAGES = YES;
				CONFIGURATION_BUILD_DIR = "$(PROJECT_DIR)/build/$(CONFIGURATION)";
				COPY_PHASE_STRIP = NO;
				EXCLUDED_ARCHS = "";
				GCC_DYNAMIC_NO_PIC = NO;
				GCC_OPTIMIZATION_LEVEL = 0;
				GCC_PREPROCESSOR_DEFINITIONS = (
					"_DEBUG=1",
					"DEBUG=1",
					"JUCE_DISPLAY_SPLASH_SCREEN=0",
					"JUCE_USE_DARK_SPLASH_SCREEN=1",
					"JUCE_PROJUCER_VERSION=0x70002",
					"JUCE_MODULE_AVAILABLE_juce_audio_basics=1",
					"JUCE_MODULE_AVAILABLE_juce_audio_devices=1",
					"JUCE_MODULE_AVAILABLE_juce_audio_formats=1",
					"JUCE_MODULE_AVAILABLE_juce_audio_plugin_client=1",
					"JUCE_MODULE_AVAILABLE_juce_audio_processors=1",
					"JUCE_MODULE_AVAILABLE_juce_audio_utils=1",
					"JUCE_MODULE_AVAILABLE_juce_core=1",
					"JUCE_MODULE_AVAILABLE_juce_data_structures=1",
					"JUCE_MODULE_AVAILABLE_juce_dsp=1",
					"JUCE_MODULE_AVAILABLE_juce_events=1",
					"JUCE_MODULE_AVAILABLE_juce_graphics=1",
					"JUCE_MODULE_AVAILABLE_juce_gui_basics=1",
					"JUCE_MODULE_AVAILABLE_juce_gui_extra=1",
					"JUCE_GLOBAL_MODULE_SETTINGS_INCLUDED=1",
					"JUCE_VST3_CAN_REPLACE_VST2=0",
					"JUCE_STRICT_REFCOUNTEDPOINTER=1",
					"JucePlugin_Build_VST=0",
					"JucePlugin_Build_VST3=0",
					"JucePlugin_Build_AU=0",
					"JucePlugin_Build_AUv3=0",
					"JucePlugin_Build_AAX=0",
					"JucePlugin_Build_Standalone=1",
					"JucePlugin_Build_Unity=0",
					"JucePlugin_Build_LV2=0",
					"JucePlugin_Enable_IAA=0",
					"JucePlugin_Enable_ARA=0",
					"JucePlugin_Name=\\\"SG323\\\"",
					"JucePlugin_Desc=\\\"SG323\\\"",
					"JucePlugin_Manufacturer=\\\"GreyBoxAudio\\\"",
					"JucePlugin_ManufacturerWebsite=\\\"https://github.com/ravettel/SG-323\\\"",
					"JucePlugin_ManufacturerEmail=\\\"\\\"",
					"JucePlugin_ManufacturerCode=0x4d616e75",
					"JucePlugin_PluginCode=0x56317274",
					"JucePlugin_IsSynth=0",
					"JucePlugin_WantsMidiInput=0",
					"JucePlugin_ProducesMidiOutput=0",
					"JucePlugin_IsMidiEffect=0",
					"JucePlugin_EditorRequiresKeyboardFocus=0",
					"JucePlugin_Version=0.2.0",
					"JucePlugin_VersionCode=0x200",
					"JucePlugin_VersionString=\\\"0.2.0\\\"",
					"JucePlugin_VSTUniqueID=JucePlugin_PluginCode",
					"JucePlugin_VSTCategory=kPlugCategEffect",
					"JucePlugin_Vst3Category=\\\"Fx\\\"",
					"JucePlugin_AUMainType=\\'aufx\\'",
					"JucePlugin_AUSubType=JucePlugin_PluginCode",
					"JucePlugin_AUExportPrefix=SG323AU",
					"JucePlugin_AUExportPrefixQuoted=\\\"SG323AU\\\"",
					"JucePlugin_AUManufacturerCode=JucePlugin_ManufacturerCode",
					"JucePlugin_CFBundleIdentifier=com.GreyBoxAudio.SG323",
					"JucePlugin_AAXIdentifier=com.GreyBoxAudio.SG323",
					"JucePlugin_AAXManufacturerCode=JucePlugin_ManufacturerCode",
					"JucePlugin_AAXProductId=JucePlugin_PluginCode",
					"JucePlugin_AAXCategory=0",
					"JucePlugin_AAXDisableBypass=0",
					"JucePlugin_AAXDisableMultiMono=0",
					"JucePlugin_IAAType=0x61757278",
					"JucePlugin_IAASubType=JucePlugin_PluginCode",
					"JucePlugin_IAAName=\\\"GreyBoxAudio:\\ SG323\\\"",
					"JucePlugin_VSTNumMidiInputs=16",
					"JucePlugin_VSTNumMidiOutputs=16",
					"JucePlugin_ARAContentTypes=0",
					"JucePlugin_ARATransformationFlags=0",
					"JucePlugin_ARAFactoryID=\\\"com.GreyBoxAudio.SG323.factory\\\"",
					"JucePlugin_ARADocumentArchiveID=\\\"com.GreyBoxAudio.SG323.aradocumentarchive.0.1\\\"",
					"JucePlugin_ARACompatibleArchiveIDs=\\\"\\\"",
					"JUCE_STANDALONE_APPLICATION=JucePlugin_Build_Standalone",
					"JUCER_XCODE_MAC_F6D2F4CF=1",
					"JUCE_APP_VERSION=0.2.0",
					"JUCE_APP_VERSION_HEX=0x200",
				);
				GCC_VERSION = com.apple.compilers.llvm.clang.1_0;
				HEADER_SEARCH_PATHS = (
					"$(SRCROOT)/../../JuceLibraryCode/modules/juce_audio_processors/format_types/VST3_SDK",
					"$(SRCROOT)/../../JuceLibraryCode",
					"$(SRCROOT)/../../JuceLibraryCode/modules",
					"$(SRCROOT)/../../JuceLibraryCode/modules/juce_audio_plugin_client",
					"$(inherited)",
				);
				INFOPLIST_FILE = Info-Standalone_Plugin.plist;
				INFOPLIST_PREPROCESS = NO;
				MACOSX_DEPLOYMENT_TARGET = 10.11;
				MTL_HEADER_SEARCH_PATHS = "$(SRCROOT)/../../JuceLibraryCode/modules/juce_audio_processors/format_types/VST3_SDK $(SRCROOT)/../../JuceLibraryCode $(SRCROOT)/../../JuceLibraryCode/modules $(SRCROOT)/../../JuceLibraryCode/modules/juce_audio_plugin_client";
				OTHER_LDFLAGS = "-lSG323 -weak_framework Metal -weak_framework MetalKit";
				PRODUCT_BUNDLE_IDENTIFIER = com.GreyBoxAudio.SG323;
				PRODUCT_NAME = "SG323";
				USE_HEADERMAP = NO;
				VALID_ARCHS = "i386 x86_64 arm64 arm64e";
			};
			name = Debug;
		};
		45ADD04955AD8A5CEE6AB04F /* Release */ = {
			isa = XCBuildConfiguration;
			buildSettings = {
				CLANG_CXX_LANGUAGE_STANDARD = "c++14";
				CLANG_CXX_LIBRARY = "libc++";
				CLANG_LINK_OBJC_RUNTIME = NO;
				CODE_SIGN_IDENTITY = "";
				COMBINE_HIDPI_IMAGES = YES;
				CONFIGURATION_BUILD_DIR = "$(PROJECT_DIR)/build/$(CONFIGURATION)";
				DEAD_CODE_STRIPPING = YES;
				DEPLOYMENT_LOCATION = YES;
				DSTROOT = /;
				EXCLUDED_ARCHS = "";
				GCC_GENERATE_DEBUGGING_SYMBOLS = NO;
				GCC_OPTIMIZATION_LEVEL = 3;
				GCC_PREPROCESSOR_DEFINITIONS = (
					"_NDEBUG=1",
					"NDEBUG=1",
					"JUCE_DISPLAY_SPLASH_SCREEN=0",
					"JUCE_USE_DARK_SPLASH_SCREEN=1",
					"JUCE_PROJUCER_VERSION=0x70002",
					"JUCE_MODULE_AVAILABLE_juce_audio_basics=1",
					"JUCE_MODULE_AVAILABLE_juce_audio_devices=1",
					"JUCE_MODULE_AVAILABLE_juce_audio_formats=1",
					"JUCE_MODULE_AVAILABLE_juce_audio_plugin_client=1",
					"JUCE_MODULE_AVAILABLE_juce_audio_processors=1",
					"JUCE_MODULE_AVAILABLE_juce_audio_utils=1",
					"JUCE_MODULE_AVAILABLE_juce_core=1",
					"JUCE_MODULE_AVAILABLE_juce_data_structures=1",
					"JUCE_MODULE_AVAILABLE_juce_dsp=1",
					"JUCE_MODULE_AVAILABLE_juce_events=1",
					"JUCE_MODULE_AVAILABLE_juce_graphics=1",
					"JUCE_MODULE_AVAILABLE_juce_gui_basics=1",
					"JUCE_MODULE_AVAILABLE_juce_gui_extra=1",
					"JUCE_GLOBAL_MODULE_SETTINGS_INCLUDED=1",
					"JUCE_VST3_CAN_REPLACE_VST2=0",
					"JUCE_STRICT_REFCOUNTEDPOINTER=1",
					"JucePlugin_Build_VST=0",
					"JucePlugin_Build_VST3=1",
					"JucePlugin_Build_AU=0",
					"JucePlugin_Build_AUv3=0",
					"JucePlugin_Build_AAX=0",
					"JucePlugin_Build_Standalone=0",
					"JucePlugin_Build_Unity=0",
					"JucePlugin_Build_LV2=0",
					"JucePlugin_Enable_IAA=0",
					"JucePlugin_Enable_ARA=0",
					"JucePlugin_Name=\\\"SG323\\\"",
					"JucePlugin_Desc=\\\"SG323\\\"",
					"JucePlugin_Manufacturer=\\\"GreyBoxAudio\\\"",
					"JucePlugin_ManufacturerWebsite=\\\"https://github.com/ravettel/SG-323\\\"",
					"JucePlugin_ManufacturerEmail=\\\"\\\"",
					"JucePlugin_ManufacturerCode=0x4d616e75",
					"JucePlugin_PluginCode=0x56317274",
					"JucePlugin_IsSynth=0",
					"JucePlugin_WantsMidiInput=0",
					"JucePlugin_ProducesMidiOutput=0",
					"JucePlugin_IsMidiEffect=0",
					"JucePlugin_EditorRequiresKeyboardFocus=0",
					"JucePlugin_Version=0.2.0",
					"JucePlugin_VersionCode=0x200",
					"JucePlugin_VersionString=\\\"0.2.0\\\"",
					"JucePlugin_VSTUniqueID=JucePlugin_PluginCode",
					"JucePlugin_VSTCategory=kPlugCategEffect",
					"JucePlugin_Vst3Category=\\\"Fx\\\"",
					"JucePlugin_AUMainType=\\'aufx\\'",
					"JucePlugin_AUSubType=JucePlugin_PluginCode",
					"JucePlugin_AUExportPrefix=SG323AU",
					"JucePlugin_AUExportPrefixQuoted=\\\"SG323AU\\\"",
					"JucePlugin_AUManufacturerCode=JucePlugin_ManufacturerCode",
					"JucePlugin_CFBundleIdentifier=com.GreyBoxAudio.SG323",
					"JucePlugin_AAXIdentifier=com.GreyBoxAudio.SG323",
					"JucePlugin_AAXManufacturerCode=JucePlugin_ManufacturerCode",
					"JucePlugin_AAXProductId=JucePlugin_PluginCode",
					"JucePlugin_AAXCategory=0",
					"JucePlugin_AAXDisableBypass=0",
					"JucePlugin_AAXDisableMultiMono=0",
					"JucePlugin_IAAType=0x61757278",
					"JucePlugin_IAASubType=JucePlugin_PluginCode",
					"JucePlugin_IAAName=\\\"GreyBoxAudio:\\ SG323\\\"",
					"JucePlugin_VSTNumMidiInputs=16",
					"JucePlugin_VSTNumMidiOutputs=16",
					"JucePlugin_ARAContentTypes=0",
					"JucePlugin_ARATransformationFlags=0",
					"JucePlugin_ARAFactoryID=\\\"com.GreyBoxAudio.SG323.factory\\\"",
					"JucePlugin_ARADocumentArchiveID=\\\"com.GreyBoxAudio.SG323.aradocumentarchive.0.1\\\"",
					"JucePlugin_ARACompatibleArchiveIDs=\\\"\\\"",
					"JUCE_STANDALONE_APPLICATION=JucePlugin_Build_Standalone",
					"JUCER_XCODE_MAC_F6D2F4CF=1",
					"JUCE_APP_VERSION=0.2.0",
					"JUCE_APP_VERSION_HEX=0x200",
				);
				GCC_VERSION = com.apple.compilers.llvm.clang.1_0;
				GENERATE_PKGINFO_FILE = YES;
				HEADER_SEARCH_PATHS = (
					"$(SRCROOT)/../../JuceLibraryCode/modules/juce_audio_processors/format_types/VST3_SDK",
					"$(SRCROOT)/../../JuceLibraryCode",
					"$(SRCROOT)/../../JuceLibraryCode/modules",
					"$(SRCROOT)/../../JuceLibraryCode/modules/juce_audio_plugin_client",
					"$(inherited)",
				);
				INFOPLIST_FILE = Info-VST3.plist;
				INFOPLIST_PREPROCESS = NO;
				INSTALL_PATH = "$(HOME)/Library/Audio/Plug-Ins/VST3/";
				LIBRARY_STYLE = Bundle;
				LLVM_LTO = YES;
				MACOSX_DEPLOYMENT_TARGET = 10.11;
				MTL_HEADER_SEARCH_PATHS = "$(SRCROOT)/../../JuceLibraryCode/modules/juce_audio_processors/format_types/VST3_SDK $(SRCROOT)/../../JuceLibraryCode $(SRCROOT)/../../JuceLibraryCode/modules $(SRCROOT)/../../JuceLibraryCode/modules/juce_audio_plugin_client";
				OTHER_LDFLAGS = "-bundle -lSG323 -weak_framework Metal -weak_framework MetalKit";
				PRODUCT_BUNDLE_IDENTIFIER = com.GreyBoxAudio.SG323;
				PRODUCT_NAME = "SG323";
				USE_HEADERMAP = NO;
				VALID_ARCHS = "i386 x86_64 arm64 arm64e";
				WRAPPER_EXTENSION = vst3;
			};
			name = Release;
		};
		7FDE071CF3C2F5E1777D4867 /* Debug */ = {
			isa = XCBuildConfiguration;
			buildSettings = {
				CLANG_CXX_LANGUAGE_STANDARD = "c++14";
				CLANG_CXX_LIBRARY = "libc++";
				CLANG_LINK_OBJC_RUNTIME = NO;
				CODE_SIGN_IDENTITY = "";
				COMBINE_HIDPI_IMAGES = YES;
				CONFIGURATION_BUILD_DIR = "$(PROJECT_DIR)/build/$(CONFIGURATION)";
				COPY_PHASE_STRIP = NO;
				DEPLOYMENT_LOCATION = YES;
				DSTROOT = /;
				EXCLUDED_ARCHS = "";
				GCC_DYNAMIC_NO_PIC = NO;
				GCC_OPTIMIZATION_LEVEL = 0;
				GCC_PREPROCESSOR_DEFINITIONS = (
					"_DEBUG=1",
					"DEBUG=1",
					"JUCE_DISPLAY_SPLASH_SCREEN=0",
					"JUCE_USE_DARK_SPLASH_SCREEN=1",
					"JUCE_PROJUCER_VERSION=0x70002",
					"JUCE_MODULE_AVAILABLE_juce_audio_basics=1",
					"JUCE_MODULE_AVAILABLE_juce_audio_devices=1",
					"JUCE_MODULE_AVAILABLE_juce_audio_formats=1",
					"JUCE_MODULE_AVAILABLE_juce_audio_plugin_client=1",
					"JUCE_MODULE_AVAILABLE_juce_audio_processors=1",
					"JUCE_MODULE_AVAILABLE_juce_audio_utils=1",
					"JUCE_MODULE_AVAILABLE_juce_core=1",
					"JUCE_MODULE_AVAILABLE_juce_data_structures=1",
					"JUCE_MODULE_AVAILABLE_juce_dsp=1",
					"JUCE_MODULE_AVAILABLE_juce_events=1",
					"JUCE_MODULE_AVAILABLE_juce_graphics=1",
					"JUCE_MODULE_AVAILABLE_juce_gui_basics=1",
					"JUCE_MODULE_AVAILABLE_juce_gui_extra=1",
					"JUCE_GLOBAL_MODULE_SETTINGS_INCLUDED=1",
					"JUCE_VST3_CAN_REPLACE_VST2=0",
					"JUCE_STRICT_REFCOUNTEDPOINTER=1",
					"JucePlugin_Build_VST=0",
					"JucePlugin_Build_VST3=1",
					"JucePlugin_Build_AU=0",
					"JucePlugin_Build_AUv3=0",
					"JucePlugin_Build_AAX=0",
					"JucePlugin_Build_Standalone=0",
					"JucePlugin_Build_Unity=0",
					"JucePlugin_Build_LV2=0",
					"JucePlugin_Enable_IAA=0",
					"JucePlugin_Enable_ARA=0",
					"JucePlugin_Name=\\\"SG323\\\"",
					"JucePlugin_Desc=\\\"SG323\\\"",
					"JucePlugin_Manufacturer=\\\"GreyBoxAudio\\\"",
					"JucePlugin_ManufacturerWebsite=\\\"https://github.com/ravettel/SG-323\\\"",
					"JucePlugin_ManufacturerEmail=\\\"\\\"",
					"JucePlugin_ManufacturerCode=0x4d616e75",
					"JucePlugin_PluginCode=0x56317274",
					"JucePlugin_IsSynth=0",
					"JucePlugin_WantsMidiInput=0",
					"JucePlugin_ProducesMidiOutput=0",
					"JucePlugin_IsMidiEffect=0",
					"JucePlugin_EditorRequiresKeyboardFocus=0",
					"JucePlugin_Version=0.2.0",
					"JucePlugin_VersionCode=0x200",
					"JucePlugin_VersionString=\\\"0.2.0\\\"",
					"JucePlugin_VSTUniqueID=JucePlugin_PluginCode",
					"JucePlugin_VSTCategory=kPlugCategEffect",
					"JucePlugin_Vst3Category=\\\"Fx\\\"",
					"JucePlugin_AUMainType=\\'aufx\\'",
					"JucePlugin_AUSubType=JucePlugin_PluginCode",
					"JucePlugin_AUExportPrefix=SG323AU",
					"JucePlugin_AUExportPrefixQuoted=\\\"SG323AU\\\"",
					"JucePlugin_AUManufacturerCode=JucePlugin_ManufacturerCode",
					"JucePlugin_CFBundleIdentifier=com.GreyBoxAudio.SG323",
					"JucePlugin_AAXIdentifier=com.GreyBoxAudio.SG323",
					"JucePlugin_AAXManufacturerCode=JucePlugin_ManufacturerCode",
					"JucePlugin_AAXProductId=JucePlugin_PluginCode",
					"JucePlugin_AAXCategory=0",
					"JucePlugin_AAXDisableBypass=0",
					"JucePlugin_AAXDisableMultiMono=0",
					"JucePlugin_IAAType=0x61757278",
					"JucePlugin_IAASubType=JucePlugin_PluginCode",
					"JucePlugin_IAAName=\\\"GreyBoxAudio:\\ SG323\\\"",
					"JucePlugin_VSTNumMidiInputs=16",
					"JucePlugin_VSTNumMidiOutputs=16",
					"JucePlugin_ARAContentTypes=0",
					"JucePlugin_ARATransformationFlags=0",
					"JucePlugin_ARAFactoryID=\\\"com.GreyBoxAudio.SG323.factory\\\"",
					"JucePlugin_ARADocumentArchiveID=\\\"com.GreyBoxAudio.SG323.aradocumentarchive.0.1\\\"",
					"JucePlugin_ARACompatibleArchiveIDs=\\\"\\\"",
					"JUCE_STANDALONE_APPLICATION=JucePlugin_Build_Standalone",
					"JUCER_XCODE_MAC_F6D2F4CF=1",
					"JUCE_APP_VERSION=0.2.0",
					"JUCE_APP_VERSION_HEX=0x200",
				);
				GCC_VERSION = com.apple.compilers.llvm.clang.1_0;
				GENERATE_PKGINFO_FILE = YES;
				HEADER_SEARCH_PATHS = (
					"$(SRCROOT)/../../JuceLibraryCode/modules/juce_audio_processors/format_types/VST3_SDK",
					"$(SRCROOT)/../../JuceLibraryCode",
					"$(SRCROOT)/../../JuceLibraryCode/modules",
					"$(SRCROOT)/../../JuceLibraryCode/modules/juce_audio_plugin_client",
					"$(inherited)",
				);
				INFOPLIST_FILE = Info-VST3.plist;
				INFOPLIST_PREPROCESS = NO;
				INSTALL_PATH = "$(HOME)/Library/Audio/Plug-Ins/VST3/";
				LIBRARY_STYLE = Bundle;
				MACOSX_DEPLOYMENT_TARGET = 10.11;
				MTL_HEADER_SEARCH_PATHS = "$(SRCROOT)/../../JuceLibraryCode/modules/juce_audio_processors/format_types/VST3_SDK $(SRCROOT)/../../JuceLibraryCode $(SRCROOT)/../../JuceLibraryCode/modules $(SRCROOT)/../../JuceLibraryCode/modules/juce_audio_plugin_client";
				OTHER_LDFLAGS = "-bundle -lSG323 -weak_framework Metal -weak_framework MetalKit";
				PRODUCT_BUNDLE_IDENTIFIER = com.GreyBoxAudio.SG323;
				PRODUCT_NAME = "SG323";
				USE_HEADERMAP = NO;
				VALID_ARCHS = "i386 x86_64 arm64 arm64e";
				WRAPPER_EXTENSION = vst3;
			};
			name = Debug;
		};
		8F35D609B4DAAD3ADE1701F0 /* Release */ = {
			isa = XCBuildConfiguration;
			buildSettings = {
				MACOSX_DEPLOYMENT_TARGET = 10.11;
				SDKROOT = macosx;
			};
			name = Release;
		};
		8FDB6C42F6AD984EFB6F8EFA /* Debug */ = {
			isa = XCBuildConfiguration;
			buildSettings = {
				ALWAYS_SEARCH_USER_PATHS = NO;
				CLANG_ENABLE_OBJC_WEAK = YES;
				CLANG_WARN_BLOCK_CAPTURE_AUTORELEASING = YES;
				CLANG_WARN_BOOL_CONVERSION = YES;
				CLANG_WARN_COMMA = YES;
				CLANG_WARN_CONSTANT_CONVERSION = YES;
				CLANG_WARN_DEPRECATED_OBJC_IMPLEMENTATIONS = YES;
				CLANG_WARN_EMPTY_BODY = YES;
				CLANG_WARN_ENUM_CONVERSION = YES;
				CLANG_WARN_INFINITE_RECURSION = YES;
				CLANG_WARN_INT_CONVERSION = YES;
				CLANG_WARN_NON_LITERAL_NULL_CONVERSION = YES;
				CLANG_WARN_OBJC_IMPLICIT_RETAIN_SELF = YES;
				CLANG_WARN_OBJC_LITERAL_CONVERSION = YES;
				CLANG_WARN_RANGE_LOOP_ANALYSIS = YES;
				CLANG_WARN_STRICT_PROTOTYPES = YES;
				CLANG_WARN_SUSPICIOUS_MOVE = YES;
				CLANG_WARN_UNREACHABLE_CODE = YES;
				CLANG_WARN__DUPLICATE_METHOD_MATCH = YES;
				CODE_SIGN_IDENTITY = "";
				DEBUG_INFORMATION_FORMAT = dwarf;
				ENABLE_STRICT_OBJC_MSGSEND = YES;
				ENABLE_TESTABILITY = NO;
				GCC_C_LANGUAGE_STANDARD = c11;
				GCC_INLINES_ARE_PRIVATE_EXTERN = YES;
				GCC_MODEL_TUNING = G5;
				GCC_NO_COMMON_BLOCKS = YES;
				GCC_SYMBOLS_PRIVATE_EXTERN = YES;
				GCC_WARN_64_TO_32_BIT_CONVERSION = YES;
				GCC_WARN_ABOUT_RETURN_TYPE = YES;
				GCC_WARN_CHECK_SWITCH_STATEMENTS = YES;
				GCC_WARN_MISSING_PARENTHESES = YES;
				GCC_WARN_NON_VIRTUAL_DESTRUCTOR = YES;
				GCC_WARN_TYPECHECK_CALLS_TO_PRINTF = YES;
				GCC_WARN_UNDECLARED_SELECTOR = YES;
				GCC_WARN_UNINITIALIZED_AUTOS = YES;
				GCC_WARN_UNUSED_FUNCTION = YES;
				GCC_WARN_UNUSED_VARIABLE = YES;
				ONLY_ACTIVE_ARCH = YES;
				PRODUCT_NAME = "SG323";
				SDKROOT = macosx;
				WARNING_CFLAGS = "-Wreorder";
				ZERO_LINK = NO;
			};
			name = Debug;
		};
		9E1BF406C62123D8BF043615 /* Debug */ = {
			isa = XCBuildConfiguration;
			buildSettings = {
				CLANG_CXX_LANGUAGE_STANDARD = "c++14";
				CLANG_CXX_LIBRARY = "libc++";
				CLANG_LINK_OBJC_RUNTIME = NO;
				CODE_SIGN_IDENTITY = "";
				COMBINE_HIDPI_IMAGES = YES;
				CONFIGURATION_BUILD_DIR = "$(PROJECT_DIR)/build/$(CONFIGURATION)";
				COPY_PHASE_STRIP = NO;
				EXCLUDED_ARCHS = "";
				GCC_DYNAMIC_NO_PIC = NO;
				GCC_OPTIMIZATION_LEVEL = 0;
				GCC_PREPROCESSOR_DEFINITIONS = (
					"_DEBUG=1",
					"DEBUG=1",
					"JUCE_DISPLAY_SPLASH_SCREEN=0",
					"JUCE_USE_DARK_SPLASH_SCREEN=1",
					"JUCE_PROJUCER_VERSION=0x70002",
					"JUCE_MODULE_AVAILABLE_juce_audio_basics=1",
					"JUCE_MODULE_AVAILABLE_juce_audio_devices=1",
					"JUCE_MODULE_AVAILABLE_juce_audio_formats=1",
					"JUCE_MODULE_AVAILABLE_juce_audio_plugin_client=1",
					"JUCE_MODULE_AVAILABLE_juce_audio_processors=1",
					"JUCE_MODULE_AVAILABLE_juce_audio_utils=1",
					"JUCE_MODULE_AVAILABLE_juce_core=1",
					"JUCE_MODULE_AVAILABLE_juce_data_structures=1",
					"JUCE_MODULE_AVAILABLE_juce_dsp=1",
					"JUCE_MODULE_AVAILABLE_juce_events=1",
					"JUCE_MODULE_AVAILABLE_juce_graphics=1",
					"JUCE_MODULE_AVAILABLE_juce_gui_basics=1",
					"JUCE_MODULE_AVAILABLE_juce_gui_extra=1",
					"JUCE_GLOBAL_MODULE_SETTINGS_INCLUDED=1",
					"JUCE_VST3_CAN_REPLACE_VST2=0",
					"JUCE_STRICT_REFCOUNTEDPOINTER=1",
					"JucePlugin_Build_VST=0",
					"JucePlugin_Build_VST3=1",
					"JucePlugin_Build_AU=1",
					"JucePlugin_Build_AUv3=0",
					"JucePlugin_Build_AAX=0",
					"JucePlugin_Build_Standalone=1",
					"JucePlugin_Build_Unity=0",
					"JucePlugin_Build_LV2=0",
					"JucePlugin_Enable_IAA=0",
					"JucePlugin_Enable_ARA=0",
					"JucePlugin_Name=\\\"SG323\\\"",
					"JucePlugin_Desc=\\\"SG323\\\"",
					"JucePlugin_Manufacturer=\\\"GreyBoxAudio\\\"",
					"JucePlugin_ManufacturerWebsite=\\\"https://github.com/ravettel/SG-323\\\"",
					"JucePlugin_ManufacturerEmail=\\\"\\\"",
					"JucePlugin_ManufacturerCode=0x4d616e75",
					"JucePlugin_PluginCode=0x56317274",
					"JucePlugin_IsSynth=0",
					"JucePlugin_WantsMidiInput=0",
					"JucePlugin_ProducesMidiOutput=0",
					"JucePlugin_IsMidiEffect=0",
					"JucePlugin_EditorRequiresKeyboardFocus=0",
					"JucePlugin_Version=0.2.0",
					"JucePlugin_VersionCode=0x200",
					"JucePlugin_VersionString=\\\"0.2.0\\\"",
					"JucePlugin_VSTUniqueID=JucePlugin_PluginCode",
					"JucePlugin_VSTCategory=kPlugCategEffect",
					"JucePlugin_Vst3Category=\\\"Fx\\\"",
					"JucePlugin_AUMainType=\\'aufx\\'",
					"JucePlugin_AUSubType=JucePlugin_PluginCode",
					"JucePlugin_AUExportPrefix=SG323AU",
					"JucePlugin_AUExportPrefixQuoted=\\\"SG323AU\\\"",
					"JucePlugin_AUManufacturerCode=JucePlugin_ManufacturerCode",
					"JucePlugin_CFBundleIdentifier=com.GreyBoxAudio.SG323",
					"JucePlugin_AAXIdentifier=com.GreyBoxAudio.SG323",
					"JucePlugin_AAXManufacturerCode=JucePlugin_ManufacturerCode",
					"JucePlugin_AAXProductId=JucePlugin_PluginCode",
					"JucePlugin_AAXCategory=0",
					"JucePlugin_AAXDisableBypass=0",
					"JucePlugin_AAXDisableMultiMono=0",
					"JucePlugin_IAAType=0x61757278",
					"JucePlugin_IAASubType=JucePlugin_PluginCode",
					"JucePlugin_IAAName=\\\"GreyBoxAudio:\\ SG323\\\"",
					"JucePlugin_VSTNumMidiInputs=16",
					"JucePlugin_VSTNumMidiOutputs=16",
					"JucePlugin_ARAContentTypes=0",
					"JucePlugin_ARATransformationFlags=0",
					"JucePlugin_ARAFactoryID=\\\"com.GreyBoxAudio.SG323.factory\\\"",
					"JucePlugin_ARADocumentArchiveID=\\\"com.GreyBoxAudio.SG323.aradocumentarchive.0.1\\\"",
					"JucePlugin_ARACompatibleArchiveIDs=\\\"\\\"",
					"JUCE_STANDALONE_APPLICATION=JucePlugin_Build_Standalone",
					"JUCER_XCODE_MAC_F6D2F4CF=1",
					"JUCE_APP_VERSION=0.2.0",
					"JUCE_APP_VERSION_HEX=0x200",
					"JUCE_SHARED_CODE=1",
				);
				GCC_VERSION = com.apple.compilers.llvm.clang.1_0;
				HEADER_SEARCH_PATHS = (
					"$(SRCROOT)/../../JuceLibraryCode/modules/juce_audio_processors/format_types/VST3_SDK",
					"$(SRCROOT)/../../JuceLibraryCode",
					"$(SRCROOT)/../../JuceLibraryCode/modules",
					"$(SRCROOT)/../../JuceLibraryCode/modules/juce_audio_plugin_client",
					"$(inherited)",
				);
				INSTALL_PATH = "@executable_path/../Frameworks";
				MACOSX_DEPLOYMENT_TARGET = 10.11;
				MTL_HEADER_SEARCH_PATHS = "$(SRCROOT)/../../JuceLibraryCode/modules/juce_audio_processors/format_types/VST3_SDK $(SRCROOT)/../../JuceLibraryCode $(SRCROOT)/../../JuceLibraryCode/modules $(SRCROOT)/../../JuceLibraryCode/modules/juce_audio_plugin_client";
				OTHER_LDFLAGS = "-weak_framework Metal -weak_framework MetalKit";
				PRODUCT_BUNDLE_IDENTIFIER = com.GreyBoxAudio.SG323;
				PRODUCT_NAME = "SG323";
				SKIP_INSTALL = YES;
				USE_HEADERMAP = NO;
				VALID_ARCHS = "i386 x86_64 arm64 arm64e";
			};
			name = Debug;
		};
		C4C3F1CDFB61F3777B087363 /* Release */ = {
			isa = XCBuildConfiguration;
			buildSettings = {
				CLANG_CXX_LANGUAGE_STANDARD = "c++14";
				CLANG_CXX_LIBRARY = "libc++";
				CLANG_LINK_OBJC_RUNTIME = NO;
				CODE_SIGN_IDENTITY = "";
				COMBINE_HIDPI_IMAGES = YES;
				CONFIGURATION_BUILD_DIR = "$(PROJECT_DIR)/build/$(CONFIGURATION)";
				DEAD_CODE_STRIPPING = YES;
				EXCLUDED_ARCHS = "";
				GCC_GENERATE_DEBUGGING_SYMBOLS = NO;
				GCC_OPTIMIZATION_LEVEL = 3;
				GCC_PREPROCESSOR_DEFINITIONS = (
					"_NDEBUG=1",
					"NDEBUG=1",
					"JUCE_DISPLAY_SPLASH_SCREEN=0",
					"JUCE_USE_DARK_SPLASH_SCREEN=1",
					"JUCE_PROJUCER_VERSION=0x70002",
					"JUCE_MODULE_AVAILABLE_juce_audio_basics=1",
					"JUCE_MODULE_AVAILABLE_juce_audio_devices=1",
					"JUCE_MODULE_AVAILABLE_juce_audio_formats=1",
					"JUCE_MODULE_AVAILABLE_juce_audio_plugin_client=1",
					"JUCE_MODULE_AVAILABLE_juce_audio_processors=1",
					"JUCE_MODULE_AVAILABLE_juce_audio_utils=1",
					"JUCE_MODULE_AVAILABLE_juce_core=1",
					"JUCE_MODULE_AVAILABLE_juce_data_structures=1",
					"JUCE_MODULE_AVAILABLE_juce_dsp=1",
					"JUCE_MODULE_AVAILABLE_juce_events=1",
					"JUCE_MODULE_AVAILABLE_juce_graphics=1",
					"JUCE_MODULE_AVAILABLE_juce_gui_basics=1",
					"JUCE_MODULE_AVAILABLE_juce_gui_extra=1",
					"JUCE_GLOBAL_MODULE_SETTINGS_INCLUDED=1",
					"JUCE_VST3_CAN_REPLACE_VST2=0",
					"JUCE_STRICT_REFCOUNTEDPOINTER=1",
					"JucePlugin_Build_VST=0",
					"JucePlugin_Build_VST3=0",
					"JucePlugin_Build_AU=0",
					"JucePlugin_Build_AUv3=0",
					"JucePlugin_Build_AAX=0",
					"JucePlugin_Build_Standalone=1",
					"JucePlugin_Build_Unity=0",
					"JucePlugin_Build_LV2=0",
					"JucePlugin_Enable_IAA=0",
					"JucePlugin_Enable_ARA=0",
					"JucePlugin_Name=\\\"SG323\\\"",
					"JucePlugin_Desc=\\\"SG323\\\"",
					"JucePlugin_Manufacturer=\\\"GreyBoxAudio\\\"",
					"JucePlugin_ManufacturerWebsite=\\\"https://github.com/ravettel/SG-323\\\"",
					"JucePlugin_ManufacturerEmail=\\\"\\\"",
					"JucePlugin_ManufacturerCode=0x4d616e75",
					"JucePlugin_PluginCode=0x56317274",
					"JucePlugin_IsSynth=0",
					"JucePlugin_WantsMidiInput=0",
					"JucePlugin_ProducesMidiOutput=0",
					"JucePlugin_IsMidiEffect=0",
					"JucePlugin_EditorRequiresKeyboardFocus=0",
					"JucePlugin_Version=0.2.0",
					"JucePlugin_VersionCode=0x200",
					"JucePlugin_VersionString=\\\"0.2.0\\\"",
					"JucePlugin_VSTUniqueID=JucePlugin_PluginCode",
					"JucePlugin_VSTCategory=kPlugCategEffect",
					"JucePlugin_Vst3Category=\\\"Fx\\\"",
					"JucePlugin_AUMainType=\\'aufx\\'",
					"JucePlugin_AUSubType=JucePlugin_PluginCode",
					"JucePlugin_AUExportPrefix=SG323AU",
					"JucePlugin_AUExportPrefixQuoted=\\\"SG323AU\\\"",
					"JucePlugin_AUManufacturerCode=JucePlugin_ManufacturerCode",
					"JucePlugin_CFBundleIdentifier=com.GreyBoxAudio.SG323",
					"JucePlugin_AAXIdentifier=com.GreyBoxAudio.SG323",
					"JucePlugin_AAXManufacturerCode=JucePlugin_ManufacturerCode",
					"JucePlugin_AAXProductId=JucePlugin_PluginCode",
					"JucePlugin_AAXCategory=0",
					"JucePlugin_AAXDisableBypass=0",
					"JucePlugin_AAXDisableMultiMono=0",
					"JucePlugin_IAAType=0x61757278",
					"JucePlugin_IAASubType=JucePlugin_PluginCode",
					"JucePlugin_IAAName=\\\"GreyBoxAudio:\\ SG323\\\"",
					"JucePlugin_VSTNumMidiInputs=16",
					"JucePlugin_VSTNumMidiOutputs=16",
					"JucePlugin_ARAContentTypes=0",
					"JucePlugin_ARATransformationFlags=0",
					"JucePlugin_ARAFactoryID=\\\"com.GreyBoxAudio.SG323.factory\\\"",
					"JucePlugin_ARADocumentArchiveID=\\\"com.GreyBoxAudio.SG323.aradocumentarchive.0.1\\\"",
					"JucePlugin_ARACompatibleArchiveIDs=\\\"\\\"",
					"JUCE_STANDALONE_APPLICATION=JucePlugin_Build_Standalone",
					"JUCER_XCODE_MAC_F6D2F4CF=1",
					"JUCE_APP_VERSION=0.2.0",
					"JUCE_APP_VERSION_HEX=0x200",
				);
				GCC_VERSION = com.apple.compilers.llvm.clang.1_0;
				HEADER_SEARCH_PATHS = (
					"$(SRCROOT)/../../JuceLibraryCode/modules/juce_audio_processors/format_types/VST3_SDK",
					"$(SRCROOT)/../../JuceLibraryCode",
					"$(SRCROOT)/../../JuceLibraryCode/modules",
					"$(SRCROOT)/../../JuceLibraryCode/modules/juce_audio_plugin_client",
					"$(inherited)",
				);
				INFOPLIST_FILE = Info-Standalone_Plugin.plist;
				INFOPLIST_PREPROCESS = NO;
				LLVM_LTO = YES;
				MACOSX_DEPLOYMENT_TARGET = 10.11;
				MTL_HEADER_SEARCH_PATHS = "$(SRCROOT)/../../JuceLibraryCode/modules/juce_audio_processors/format_types/VST3_SDK $(SRCROOT)/../../JuceLibraryCode $(SRCROOT)/../../JuceLibraryCode/modules $(SRCROOT)/../../JuceLibraryCode/modules/juce_audio_plugin_client";
				OTHER_LDFLAGS = "-lSG323 -weak_framework Metal -weak_framework MetalKit";
				PRODUCT_BUNDLE_IDENTIFIER = com.GreyBoxAudio.SG323;
				PRODUCT_NAME = "SG323";
				USE_HEADERMAP = NO;
				VALID_ARCHS = "i386 x86_64 arm64 arm64e";
			};
			name = Release;
		};
		DBC9467D3505CA0C12B548A0 /* Release */ = {
			isa = XCBuildConfiguration;
			buildSettings = {
				CLANG_CXX_LANGUAGE_STANDARD = "c++14";
				CLANG_CXX_LIBRARY = "libc++";
				CLANG_LINK_OBJC_RUNTIME = NO;
				CODE_SIGN_IDENTITY = "";
				COMBINE_HIDPI_IMAGES = YES;
				CONFIGURATION_BUILD_DIR = "$(PROJECT_DIR)/build/$(CONFIGURATION)";
				DEAD_CODE_STRIPPING = YES;
				EXCLUDED_ARCHS = "";
				GCC_GENERATE_DEBUGGING_SYMBOLS = NO;
				GCC_OPTIMIZATION_LEVEL = 3;
				GCC_PREPROCESSOR_DEFINITIONS = (
					"_NDEBUG=1",
					"NDEBUG=1",
					"JUCE_DISPLAY_SPLASH_SCREEN=0",
					"JUCE_USE_DARK_SPLASH_SCREEN=1",
					"JUCE_PROJUCER_VERSION=0x70002",
					"JUCE_MODULE_AVAILABLE_juce_audio_basics=1",
					"JUCE_MODULE_AVAILABLE_juce_audio_devices=1",
					"JUCE_MODULE_AVAILABLE_juce_audio_formats=1",
					"JUCE_MODULE_AVAILABLE_juce_audio_plugin_client=1",
					"JUCE_MODULE_AVAILABLE_juce_audio_processors=1",
					"JUCE_MODULE_AVAILABLE_juce_audio_utils=1",
					"JUCE_MODULE_AVAILABLE_juce_core=1",
					"JUCE_MODULE_AVAILABLE_juce_data_structures=1",
					"JUCE_MODULE_AVAILABLE_juce_dsp=1",
					"JUCE_MODULE_AVAILABLE_juce_events=1",
					"JUCE_MODULE_AVAILABLE_juce_graphics=1",
					"JUCE_MODULE_AVAILABLE_juce_gui_basics=1",
					"JUCE_MODULE_AVAILABLE_juce_gui_extra=1",
					"JUCE_GLOBAL_MODULE_SETTINGS_INCLUDED=1",
					"JUCE_VST3_CAN_REPLACE_VST2=0",
					"JUCE_STRICT_REFCOUNTEDPOINTER=1",
					"JucePlugin_Build_VST=0",
					"JucePlugin_Build_VST3=1",
					"JucePlugin_Build_AU=1",
					"JucePlugin_Build_AUv3=0",
					"JucePlugin_Build_AAX=0",
					"JucePlugin_Build_Standalone=1",
					"JucePlugin_Build_Unity=0",
					"JucePlugin_Build_LV2=0",
					"JucePlugin_Enable_IAA=0",
					"JucePlugin_Enable_ARA=0",
					"JucePlugin_Name=\\\"SG323\\\"",
					"JucePlugin_Desc=\\\"SG323\\\"",
					"JucePlugin_Manufacturer=\\\"GreyBoxAudio\\\"",
					"JucePlugin_ManufacturerWebsite=\\\"https://github.com/ravettel/SG-323\\\"",
					"JucePlugin_ManufacturerEmail=\\\"\\\"",
					"JucePlugin_ManufacturerCode=0x4d616e75",
					"JucePlugin_PluginCode=0x56317274",
					"JucePlugin_IsSynth=0",
					"JucePlugin_WantsMidiInput=0",
					"JucePlugin_ProducesMidiOutput=0",
					"JucePlugin_IsMidiEffect=0",
					"JucePlugin_EditorRequiresKeyboardFocus=0",
					"JucePlugin_Version=0.2.0",
					"JucePlugin_VersionCode=0x200",
					"JucePlugin_VersionString=\\\"0.2.0\\\"",
					"JucePlugin_VSTUniqueID=JucePlugin_PluginCode",
					"JucePlugin_VSTCategory=kPlugCategEffect",
					"JucePlugin_Vst3Category=\\\"Fx\\\"",
					"JucePlugin_AUMainType=\\'aufx\\'",
					"JucePlugin_AUSubType=JucePlugin_PluginCode",
					"JucePlugin_AUExportPrefix=SG323AU",
					"JucePlugin_AUExportPrefixQuoted=\\\"SG323AU\\\"",
					"JucePlugin_AUManufacturerCode=JucePlugin_ManufacturerCode",
					"JucePlugin_CFBundleIdentifier=com.GreyBoxAudio.SG323",
					"JucePlugin_AAXIdentifier=com.GreyBoxAudio.SG323",
					"JucePlugin_AAXManufacturerCode=JucePlugin_ManufacturerCode",
					"JucePlugin_AAXProductId=JucePlugin_PluginCode",
					"JucePlugin_AAXCategory=0",
					"JucePlugin_AAXDisableBypass=0",
					"JucePlugin_AAXDisableMultiMono=0",
					"JucePlugin_IAAType=0x61757278",
					"JucePlugin_IAASubType=JucePlugin_PluginCode",
					"JucePlugin_IAAName=\\\"GreyBoxAudio:\\ SG323\\\"",
					"JucePlugin_VSTNumMidiInputs=16",
					"JucePlugin_VSTNumMidiOutputs=16",
					"JucePlugin_ARAContentTypes=0",
					"JucePlugin_ARATransformationFlags=0",
					"JucePlugin_ARAFactoryID=\\\"com.GreyBoxAudio.SG323.factory\\\"",
					"JucePlugin_ARADocumentArchiveID=\\\"com.GreyBoxAudio.SG323.aradocumentarchive.0.1\\\"",
					"JucePlugin_ARACompatibleArchiveIDs=\\\"\\\"",
					"JUCE_STANDALONE_APPLICATION=JucePlugin_Build_Standalone",
					"JUCER_XCODE_MAC_F6D2F4CF=1",
					"JUCE_APP_VERSION=0.2.0",
					"JUCE_APP_VERSION_HEX=0x200",
					"JUCE_SHARED_CODE=1",
				);
				GCC_VERSION = com.apple.compilers.llvm.clang.1_0;
				HEADER_SEARCH_PATHS = (
					"$(SRCROOT)/../../JuceLibraryCode/modules/juce_audio_processors/format_types/VST3_SDK",
					"$(SRCROOT)/../../JuceLibraryCode",
					"$(SRCROOT)/../../JuceLibraryCode/modules",
					"$(SRCROOT)/../../JuceLibraryCode/modules/juce_audio_plugin_client",
					"$(inherited)",
				);
				INSTALL_PATH = "@executable_path/../Frameworks";
				LLVM_LTO = YES;
				MACOSX_DEPLOYMENT_TARGET = 10.11;
				MTL_HEADER_SEARCH_PATHS = "$(SRCROOT)/../../JuceLibraryCode/modules/juce_audio_processors/format_types/VST3_SDK $(SRCROOT)/../../JuceLibraryCode $(SRCROOT)/../../JuceLibraryCode/modules $(SRCROOT)/../../JuceLibraryCode/modules/juce_audio_plugin_client";
				OTHER_LDFLAGS = "-weak_framework Metal -weak_framework MetalKit";
				PRODUCT_BUNDLE_IDENTIFIER = com.GreyBoxAudio.SG323;
				PRODUCT_NAME = "SG323";
				SKIP_INSTALL = YES;
				USE_HEADERMAP = NO;
				VALID_ARCHS = "i386 x86_64 arm64 arm64e";
			};
			name = Release;
		};
		E690A94CD887D09C18BAC671 /* Release */ = {
			isa = XCBuildConfiguration;
			buildSettings = {
				CLANG_CXX_LANGUAGE_STANDARD = "c++14";
				CLANG_CXX_LIBRARY = "libc++";
				CLANG_LINK_OBJC_RUNTIME = NO;
				CODE_SIGN_IDENTITY = "";
				COMBINE_HIDPI_IMAGES = YES;
				CONFIGURATION_BUILD_DIR = "$(PROJECT_DIR)/build/$(CONFIGURATION)";
				DEAD_CODE_STRIPPING = YES;
				DEPLOYMENT_LOCATION = YES;
				DSTROOT = /;
				EXCLUDED_ARCHS = "";
				GCC_GENERATE_DEBUGGING_SYMBOLS = NO;
				GCC_OPTIMIZATION_LEVEL = 3;
				GCC_PREPROCESSOR_DEFINITIONS = (
					"_NDEBUG=1",
					"NDEBUG=1",
					"JUCE_DISPLAY_SPLASH_SCREEN=0",
					"JUCE_USE_DARK_SPLASH_SCREEN=1",
					"JUCE_PROJUCER_VERSION=0x70002",
					"JUCE_MODULE_AVAILABLE_juce_audio_basics=1",
					"JUCE_MODULE_AVAILABLE_juce_audio_devices=1",
					"JUCE_MODULE_AVAILABLE_juce_audio_formats=1",
					"JUCE_MODULE_AVAILABLE_juce_audio_plugin_client=1",
					"JUCE_MODULE_AVAILABLE_juce_audio_processors=1",
					"JUCE_MODULE_AVAILABLE_juce_audio_utils=1",
					"JUCE_MODULE_AVAILABLE_juce_core=1",
					"JUCE_MODULE_AVAILABLE_juce_data_structures=1",
					"JUCE_MODULE_AVAILABLE_juce_dsp=1",
					"JUCE_MODULE_AVAILABLE_juce_events=1",
					"JUCE_MODULE_AVAILABLE_juce_graphics=1",
					"JUCE_MODULE_AVAILABLE_juce_gui_basics=1",
					"JUCE_MODULE_AVAILABLE_juce_gui_extra=1",
					"JUCE_GLOBAL_MODULE_SETTINGS_INCLUDED=1",
					"JUCE_VST3_CAN_REPLACE_VST2=0",
					"JUCE_STRICT_REFCOUNTEDPOINTER=1",
					"JucePlugin_Build_VST=0",
					"JucePlugin_Build_VST3=0",
					"JucePlugin_Build_AU=1",
					"JucePlugin_Build_AUv3=0",
					"JucePlugin_Build_AAX=0",
					"JucePlugin_Build_Standalone=0",
					"JucePlugin_Build_Unity=0",
					"JucePlugin_Build_LV2=0",
					"JucePlugin_Enable_IAA=0",
					"JucePlugin_Enable_ARA=0",
					"JucePlugin_Name=\\\"SG323\\\"",
					"JucePlugin_Desc=\\\"SG323\\\"",
					"JucePlugin_Manufacturer=\\\"GreyBoxAudio\\\"",
					"JucePlugin_ManufacturerWebsite=\\\"https://github.com/ravettel/SG-323\\\"",
					"JucePlugin_ManufacturerEmail=\\\"\\\"",
					"JucePlugin_ManufacturerCode=0x4d616e75",
					"JucePlugin_PluginCode=0x56317274",
					"JucePlugin_IsSynth=0",
					"JucePlugin_WantsMidiInput=0",
					"JucePlugin_ProducesMidiOutput=0",
					"JucePlugin_IsMidiEffect=0",
					"JucePlugin_EditorRequiresKeyboardFocus=0",
					"JucePlugin_Version=0.2.0",
					"JucePlugin_VersionCode=0x200",
					"JucePlugin_VersionString=\\\"0.2.0\\\"",
					"JucePlugin_VSTUniqueID=JucePlugin_PluginCode",
					"JucePlugin_VSTCategory=kPlugCategEffect",
					"JucePlugin_Vst3Category=\\\"Fx\\\"",
					"JucePlugin_AUMainType=\\'aufx\\'",
					"JucePlugin_AUSubType=JucePlugin_PluginCode",
					"JucePlugin_AUExportPrefix=SG323AU",
					"JucePlugin_AUExportPrefixQuoted=\\\"SG323AU\\\"",
					"JucePlugin_AUManufacturerCode=JucePlugin_ManufacturerCode",
					"JucePlugin_CFBundleIdentifier=com.GreyBoxAudio.SG323",
					"JucePlugin_AAXIdentifier=com.GreyBoxAudio.SG323",
					"JucePlugin_AAXManufacturerCode=JucePlugin_ManufacturerCode",
					"JucePlugin_AAXProductId=JucePlugin_PluginCode",
					"JucePlugin_AAXCategory=0",
					"JucePlugin_AAXDisableBypass=0",
					"JucePlugin_AAXDisableMultiMono=0",
					"JucePlugin_IAAType=0x61757278",
					"JucePlugin_IAASubType=JucePlugin_PluginCode",
					"JucePlugin_IAAName=\\\"GreyBoxAudio:\\ SG323\\\"",
					"JucePlugin_VSTNumMidiInputs=16",
					"JucePlugin_VSTNumMidiOutputs=16",
					"JucePlugin_ARAContentTypes=0",
					"JucePlugin_ARATransformationFlags=0",
					"JucePlugin_ARAFactoryID=\\\"com.GreyBoxAudio.SG323.factory\\\"",
					"JucePlugin_ARADocumentArchiveID=\\\"com.GreyBoxAudio.SG323.aradocumentarchive.0.1\\\"",
					"JucePlugin_ARACompatibleArchiveIDs=\\\"\\\"",
					"JUCE_STANDALONE_APPLICATION=JucePlugin_Build_Standalone",
					"JUCER_XCODE_MAC_F6D2F4CF=1",
					"JUCE_APP_VERSION=0.2.0",
					"JUCE_APP_VERSION_HEX=0x200",
				);
				GCC_VERSION = com.apple.compilers.llvm.clang.1_0;
				GENERATE_PKGINFO_FILE = YES;
				HEADER_SEARCH_PATHS = (
					"$(SRCROOT)/../../JuceLibraryCode/modules/juce_audio_processors/format_types/VST3_SDK",
					"$(SRCROOT)/../../JuceLibraryCode",
					"$(SRCROOT)/../../JuceLibraryCode/modules",
					"$(SRCROOT)/../../JuceLibraryCode/modules/juce_audio_plugin_client",
					"$(inherited)",
				);
				INFOPLIST_FILE = Info-AU.plist;
				INFOPLIST_PREPROCESS = NO;
				INSTALL_PATH = "$(HOME)/Library/Audio/Plug-Ins/Components/";
				LIBRARY_STYLE = Bundle;
				LLVM_LTO = YES;
				MACOSX_DEPLOYMENT_TARGET = 10.11;
				MTL_HEADER_SEARCH_PATHS = "$(SRCROOT)/../../JuceLibraryCode/modules/juce_audio_processors/format_types/VST3_SDK $(SRCROOT)/../../JuceLibraryCode $(SRCROOT)/../../JuceLibraryCode/modules $(SRCROOT)/../../JuceLibraryCode/modules/juce_audio_plugin_client";
				OTHER_LDFLAGS = "-bundle -lSG323 -weak_framework Metal -weak_framework MetalKit";
				OTHER_REZFLAGS = "-d ppc_$ppc -d i386_$i386 -d ppc64_$ppc64 -d x86_64_$x86_64 -d arm64_$arm64 -I /System/Library/Frameworks/CoreServices.framework/Frameworks/CarbonCore.framework/Versions/A/Headers -I \"$(DEVELOPER_DIR)/Extras/CoreAudio/AudioUnits/AUPublic/AUBase\" -I \"$(DEVELOPER_DIR)/Platforms/MacOSX.platform/Developer/SDKs/MacOSX.sdk/System/Library/Frameworks/AudioUnit.framework/Headers\"";
				PRODUCT_BUNDLE_IDENTIFIER = com.GreyBoxAudio.SG323;
				PRODUCT_NAME = "SG323";
				USE_HEADERMAP = NO;
				VALID_ARCHS = "i386 x86_64 arm64 arm64e";
				WRAPPER_EXTENSION = component;
			};
			name = Release;
		};
		EAC72962B54AAAF449223D95 /* Debug */ = {
			isa = XCBuildConfiguration;
			buildSettings = {
				CLANG_CXX_LANGUAGE_STANDARD = "c++14";
				CLANG_CXX_LIBRARY = "libc++";
				CLANG_LINK_OBJC_RUNTIME = NO;
				CODE_SIGN_IDENTITY = "";
				COMBINE_HIDPI_IMAGES = YES;
				CONFIGURATION_BUILD_DIR = "$(PROJECT_DIR)/build/$(CONFIGURATION)";
				COPY_PHASE_STRIP = NO;
				DEPLOYMENT_LOCATION = YES;
				DSTROOT = /;
				EXCLUDED_ARCHS = "";
				GCC_DYNAMIC_NO_PIC = NO;
				GCC_OPTIMIZATION_LEVEL = 0;
				GCC_PREPROCESSOR_DEFINITIONS = (
					"_DEBUG=1",
					"DEBUG=1",
					"JUCE_DISPLAY_SPLASH_SCREEN=0",
					"JUCE_USE_DARK_SPLASH_SCREEN=1",
					"JUCE_PROJUCER_VERSION=0x70002",
					"JUCE_MODULE_AVAILABLE_juce_audio_basics=1",
					"JUCE_MODULE_AVAILABLE_juce_audio_devices=1",
					"JUCE_MODULE_AVAILABLE_juce_audio_formats=1",
					"JUCE_MODULE_AVAILABLE_juce_audio_plugin_client=1",
					"JUCE_MODULE_AVAILABLE_juce_audio_processors=1",
					"JUCE_MODULE_AVAILABLE_juce_audio_utils=1",
					"JUCE_MODULE_AVAILABLE_juce_core=1",
					"JUCE_MODULE_AVAILABLE_juce_data_structures=1",
					"JUCE_MODULE_AVAILABLE_juce_dsp=1",
					"JUCE_MODULE_AVAILABLE_juce_events=1",
					"JUCE_MODULE_AVAILABLE_juce_graphics=1",
					"JUCE_MODULE_AVAILABLE_juce_gui_basics=1",
					"JUCE_MODULE_AVAILABLE_juce_gui_extra=1",
					"JUCE_GLOBAL_MODULE_SETTINGS_INCLUDED=1",
					"JUCE_VST3_CAN_REPLACE_VST2=0",
					"JUCE_STRICT_REFCOUNTEDPOINTER=1",
					"JucePlugin_Build_VST=0",
					"JucePlugin_Build_VST3=0",
					"JucePlugin_Build_AU=1",
					"JucePlugin_Build_AUv3=0",
					"JucePlugin_Build_AAX=0",
					"JucePlugin_Build_Standalone=0",
					"JucePlugin_Build_Unity=0",
					"JucePlugin_Build_LV2=0",
					"JucePlugin_Enable_IAA=0",
					"JucePlugin_Enable_ARA=0",
					"JucePlugin_Name=\\\"SG323\\\"",
					"JucePlugin_Desc=\\\"SG323\\\"",
					"JucePlugin_Manufacturer=\\\"GreyBoxAudio\\\"",
					"JucePlugin_ManufacturerWebsite=\\\"https://github.com/ravettel/SG-323\\\"",
					"JucePlugin_ManufacturerEmail=\\\"\\\"",
					"JucePlugin_ManufacturerCode=0x4d616e75",
					"JucePlugin_PluginCode=0x56317274",
					"JucePlugin_IsSynth=0",
					"JucePlugin_WantsMidiInput=0",
					"JucePlugin_ProducesMidiOutput=0",
					"JucePlugin_IsMidiEffect=0",
					"JucePlugin_EditorRequiresKeyboardFocus=0",
					"JucePlugin_Version=0.2.0",
					"JucePlugin_VersionCode=0x200",
					"JucePlugin_VersionString=\\\"0.2.0\\\"",
					"JucePlugin_VSTUniqueID=JucePlugin_PluginCode",
					"JucePlugin_VSTCategory=kPlugCategEffect",
					"JucePlugin_Vst3Category=\\\"Fx\\\"",
					"JucePlugin_AUMainType=\\'aufx\\'",
					"JucePlugin_AUSubType=JucePlugin_PluginCode",
					"JucePlugin_AUExportPrefix=SG323AU",
					"JucePlugin_AUExportPrefixQuoted=\\\"SG323AU\\\"",
					"JucePlugin_AUManufacturerCode=JucePlugin_ManufacturerCode",
					"JucePlugin_CFBundleIdentifier=com.GreyBoxAudio.SG323",
					"JucePlugin_AAXIdentifier=com.GreyBoxAudio.SG323",
					"JucePlugin_AAXManufacturerCode=JucePlugin_ManufacturerCode",
					"JucePlugin_AAXProductId=JucePlugin_PluginCode",
					"JucePlugin_AAXCategory=0",
					"JucePlugin_AAXDisableBypass=0",
					"JucePlugin_AAXDisableMultiMono=0",
					"JucePlugin_IAAType=0x61757278",
					"JucePlugin_IAASubType=JucePlugin_PluginCode",
					"JucePlugin_IAAName=\\\"GreyBoxAudio:\\ SG323\\\"",
					"JucePlugin_VSTNumMidiInputs=16",
					"JucePlugin_VSTNumMidiOutputs=16",
					"JucePlugin_ARAContentTypes=0",
					"JucePlugin_ARATransformationFlags=0",
					"JucePlugin_ARAFactoryID=\\\"com.GreyBoxAudio.SG323.factory\\\"",
					"JucePlugin_ARADocumentArchiveID=\\\"com.GreyBoxAudio.SG323.aradocumentarchive.0.1\\\"",
					"JucePlugin_ARACompatibleArchiveIDs=\\\"\\\"",
					"JUCE_STANDALONE_APPLICATION=JucePlugin_Build_Standalone",
					"JUCER_XCODE_MAC_F6D2F4CF=1",
					"JUCE_APP_VERSION=0.2.0",
					"JUCE_APP_VERSION_HEX=0x200",
				);
				GCC_VERSION = com.apple.compilers.llvm.clang.1_0;
				GENERATE_PKGINFO_FILE = YES;
				HEADER_SEARCH_PATHS = (
					"$(SRCROOT)/../../JuceLibraryCode/modules/juce_audio_processors/format_types/VST3_SDK",
					"$(SRCROOT)/../../JuceLibraryCode",
					"$(SRCROOT)/../../JuceLibraryCode/modules",
					"$(SRCROOT)/../../JuceLibraryCode/modules/juce_audio_plugin_client",
					"$(inherited)",
				);
				INFOPLIST_FILE = Info-AU.plist;
				INFOPLIST_PREPROCESS = NO;
				INSTALL_PATH = "$(HOME)/Library/Audio/Plug-Ins/Components/";
				LIBRARY_STYLE = Bundle;
				MACOSX_DEPLOYMENT_TARGET = 10.11;
				MTL_HEADER_SEARCH_PATHS = "$(SRCROOT)/../../JuceLibraryCode/modules/juce_audio_processors/format_types/VST3_SDK $(SRCROOT)/../../JuceLibraryCode $(SRCROOT)/../../JuceLibraryCode/modules $(SRCROOT)/../../JuceLibraryCode/modules/juce_audio_plugin_client";
				OTHER_LDFLAGS = "-bundle -lSG323 -weak_framework Metal -weak_framework MetalKit";
				OTHER_REZFLAGS = "-d ppc_$ppc -d i386_$i386 -d ppc64_$ppc64 -d x86_64_$x86_64 -d arm64_$arm64 -I /System/Library/Frameworks/CoreServices.framework/Frameworks/CarbonCore.framework/Versions/A/Headers -I \"$(DEVELOPER_DIR)/Extras/CoreAudio/AudioUnits/AUPublic/AUBase\" -I \"$(DEVELOPER_DIR)/Platforms/MacOSX.platform/Developer/SDKs/MacOSX.sdk/System/Library/Frameworks/AudioUnit.framework/Headers\"";
				PRODUCT_BUNDLE_IDENTIFIER = com.GreyBoxAudio.SG323;
				PRODUCT_NAME = "SG323";
				USE_HEADERMAP = NO;
				VALID_ARCHS = "i386 x86_64 arm64 arm64e";
				WRAPPER_EXTENSION = component;
			};
			name = Debug;
		};
		F056EBF0F41BE2AAF7BA69CB /* Debug */ = {
			isa = XCBuildConfiguration;
			buildSettings = {
				MACOSX_DEPLOYMENT_TARGET = 10.11;
				SDKROOT = macosx;
			};
			name = Debug;
		};
		F9638E88B25DB80F5F202E29 /* Release */ = {
			isa = XCBuildConfiguration;
			buildSettings = {
				ALWAYS_SEARCH_USER_PATHS = NO;
				CLANG_ENABLE_OBJC_WEAK = YES;
				CLANG_WARN_BLOCK_CAPTURE_AUTORELEASING = YES;
				CLANG_WARN_BOOL_CONVERSION = YES;
				CLANG_WARN_COMMA = YES;
				CLANG_WARN_CONSTANT_CONVERSION = YES;
				CLANG_WARN_DEPRECATED_OBJC_IMPLEMENTATIONS = YES;
				CLANG_WARN_EMPTY_BODY = YES;
				CLANG_WARN_ENUM_CONVERSION = YES;
				CLANG_WARN_INFINITE_RECURSION = YES;
				CLANG_WARN_INT_CONVERSION = YES;
				CLANG_WARN_NON_LITERAL_NULL_CONVERSION = YES;
				CLANG_WARN_OBJC_IMPLICIT_RETAIN_SELF = YES;
				CLANG_WARN_OBJC_LITERAL_CONVERSION = YES;
				CLANG_WARN_RANGE_LOOP_ANALYSIS = YES;
				CLANG_WARN_STRICT_PROTOTYPES = YES;
				CLANG_WARN_SUSPICIOUS_MOVE = YES;
				CLANG_WARN_UNREACHABLE_CODE = YES;
				CLANG_WARN__DUPLICATE_METHOD_MATCH = YES;
				CODE_SIGN_IDENTITY = "";
				DEBUG_INFORMATION_FORMAT = dwarf;
				ENABLE_STRICT_OBJC_MSGSEND = YES;
				ENABLE_TESTABILITY = NO;
				GCC_C_LANGUAGE_STANDARD = c11;
				GCC_INLINES_ARE_PRIVATE_EXTERN = YES;
				GCC_MODEL_TUNING = G5;
				GCC_NO_COMMON_BLOCKS = YES;
				GCC_SYMBOLS_PRIVATE_EXTERN = YES;
				GCC_WARN_64_TO_32_BIT_CONVERSION = YES;
				GCC_WARN_ABOUT_RETURN_TYPE = YES;
				GCC_WARN_CHECK_SWITCH_STATEMENTS = YES;
				GCC_WARN_MISSING_PARENTHESES = YES;
				GCC_WARN_NON_VIRTUAL_DESTRUCTOR = YES;
				GCC_WARN_TYPECHECK_CALLS_TO_PRINTF = YES;
				GCC_WARN_UNDECLARED_SELECTOR = YES;
				GCC_WARN_UNINITIALIZED_AUTOS = YES;
				GCC_WARN_UNUSED_FUNCTION = YES;
				GCC_WARN_UNUSED_VARIABLE = YES;
				PRODUCT_NAME = "SG323";
				SDKROOT = macosx;
				WARNING_CFLAGS = "-Wreorder";
				ZERO_LINK = NO;
			};
			name = Release;
		};
/* End XCBuildConfiguration section */

/* Begin XCConfigurationList section */
		497C9308C307A436F9C8746A = {
			isa = XCConfigurationList;
			buildConfigurations = (
				9E1BF406C62123D8BF043615,
				DBC9467D3505CA0C12B548A0,
			);
			defaultConfigurationIsVisible = 0;
			defaultConfigurationName = Debug;
		};
		AEA0E46C6175CFF93DDA06E3 = {
			isa = XCConfigurationList;
			buildConfigurations = (
				7FDE071CF3C2F5E1777D4867,
				45ADD04955AD8A5CEE6AB04F,
			);
			defaultConfigurationIsVisible = 0;
			defaultConfigurationName = Debug;
		};
		B2D69F96A55194E2E0D4B79B = {
			isa = XCConfigurationList;
			buildConfigurations = (
				F056EBF0F41BE2AAF7BA69CB,
				8F35D609B4DAAD3ADE1701F0,
			);
			defaultConfigurationIsVisible = 0;
			defaultConfigurationName = Debug;
		};
		B520BFB0A1388175135AF54A = {
			isa = XCConfigurationList;
			buildConfigurations = (
				EAC72962B54AAAF449223D95,
				E690A94CD887D09C18BAC671,
			);
			defaultConfigurationIsVisible = 0;
			defaultConfigurationName = Debug;
		};
		C3410A5D41614A9885AEDBA3 = {
			isa = XCConfigurationList;
			buildConfigurations = (
				2DF24BBCBA9971ADF9D7E9EF,
				C4C3F1CDFB61F3777B087363,
			);
			defaultConfigurationIsVisible = 0;
			defaultConfigurationName = Debug;
		};
		FA70936FE17C6E3FC832B41F = {
			isa = XCConfigurationList;
			buildConfigurations = (
				8FDB6C42F6AD984EFB6F8EFA,
				F9638E88B25DB80F5F202E29,
			);
			defaultConfigurationIsVisible = 0;
			defaultConfigurationName = Debug;
		};
/* End XCConfigurationList section */
	};
	rootObject = A0A725B2F21A63E93C47B6E8 /* Project object */;
}
